// !$*UTF8*$!
{
	archiveVersion = 1;
	classes = {
	};
	objectVersion = 46;
	objects = {

/* Begin PBXBuildFile section */
		26511DC3337D5FEEC4335044 /* libPods-VBKitTests.a in Frameworks */ = {isa = PBXBuildFile; fileRef = BB5F304AD1DF15431DB2E552 /* libPods-VBKitTests.a */; };
		59DCAFEBE2015B76DC780508 /* libPods-VBKit.a in Frameworks */ = {isa = PBXBuildFile; fileRef = 7C6A1F107C13DEBE15F2DAFB /* libPods-VBKit.a */; };
		9D66E3FF703BE292E4D20DBB /* libPods-VBKitUITests.a in Frameworks */ = {isa = PBXBuildFile; fileRef = 8D53075C7CA7CD1F3C615AB6 /* libPods-VBKitUITests.a */; };
		A20A9D211D94024800A475D6 /* main.m in Sources */ = {isa = PBXBuildFile; fileRef = A20A9D201D94024800A475D6 /* main.m */; };
		A20A9D271D94024800A475D6 /* ViewController.m in Sources */ = {isa = PBXBuildFile; fileRef = A20A9D261D94024800A475D6 /* ViewController.m */; };
		A20A9D2A1D94024800A475D6 /* Main.storyboard in Resources */ = {isa = PBXBuildFile; fileRef = A20A9D281D94024800A475D6 /* Main.storyboard */; };
		A20A9D2C1D94024800A475D6 /* Assets.xcassets in Resources */ = {isa = PBXBuildFile; fileRef = A20A9D2B1D94024800A475D6 /* Assets.xcassets */; };
		A20A9D2F1D94024800A475D6 /* LaunchScreen.storyboard in Resources */ = {isa = PBXBuildFile; fileRef = A20A9D2D1D94024800A475D6 /* LaunchScreen.storyboard */; };
		A20A9D3A1D94024800A475D6 /* VBKitTests.m in Sources */ = {isa = PBXBuildFile; fileRef = A20A9D391D94024800A475D6 /* VBKitTests.m */; };
		A20A9D451D94024800A475D6 /* VBKitUITests.m in Sources */ = {isa = PBXBuildFile; fileRef = A20A9D441D94024800A475D6 /* VBKitUITests.m */; };
		A20A9D6E1D9403C800A475D6 /* UIView+VBMotionEffect.m in Sources */ = {isa = PBXBuildFile; fileRef = A20A9D551D9403C800A475D6 /* UIView+VBMotionEffect.m */; };
		A20A9D6F1D9403C800A475D6 /* VBLog.m in Sources */ = {isa = PBXBuildFile; fileRef = A20A9D5A1D9403C800A475D6 /* VBLog.m */; };
		A20A9D701D9403C800A475D6 /* VBObject.m in Sources */ = {isa = PBXBuildFile; fileRef = A20A9D5C1D9403C800A475D6 /* VBObject.m */; };
		A20A9D711D9403C800A475D6 /* VBNavigationBar.m in Sources */ = {isa = PBXBuildFile; fileRef = A20A9D601D9403C800A475D6 /* VBNavigationBar.m */; };
		A20A9D721D9403C800A475D6 /* VBNavigationController.m in Sources */ = {isa = PBXBuildFile; fileRef = A20A9D621D9403C800A475D6 /* VBNavigationController.m */; };
		A20A9D731D9403C800A475D6 /* VBTabBarController.m in Sources */ = {isa = PBXBuildFile; fileRef = A20A9D641D9403C800A475D6 /* VBTabBarController.m */; };
		A20A9D741D9403C800A475D6 /* VBTableView.m in Sources */ = {isa = PBXBuildFile; fileRef = A20A9D661D9403C800A475D6 /* VBTableView.m */; };
		A20A9D751D9403C800A475D6 /* VBTableViewCell.m in Sources */ = {isa = PBXBuildFile; fileRef = A20A9D681D9403C800A475D6 /* VBTableViewCell.m */; };
		A20A9D761D9403C800A475D6 /* VBView.m in Sources */ = {isa = PBXBuildFile; fileRef = A20A9D6B1D9403C800A475D6 /* VBView.m */; };
		A20A9D771D9403C800A475D6 /* VBViewController.m in Sources */ = {isa = PBXBuildFile; fileRef = A20A9D6D1D9403C800A475D6 /* VBViewController.m */; };
		A20A9D891D940B3A00A475D6 /* VBColorManager.m in Sources */ = {isa = PBXBuildFile; fileRef = A20A9D871D940B3A00A475D6 /* VBColorManager.m */; };
		A20A9D8C1D940D4400A475D6 /* UIColor+HEX.m in Sources */ = {isa = PBXBuildFile; fileRef = A20A9D8B1D940D4400A475D6 /* UIColor+HEX.m */; };
		A20A9DAA1D944E4400A475D6 /* VBFileManager.m in Sources */ = {isa = PBXBuildFile; fileRef = A20A9D8F1D944E4400A475D6 /* VBFileManager.m */; };
		A20A9DAB1D944E4400A475D6 /* VBFileConfig.m in Sources */ = {isa = PBXBuildFile; fileRef = A20A9D931D944E4400A475D6 /* VBFileConfig.m */; };
		A20A9DAC1D944E4400A475D6 /* VBHTTPErrorManager.m in Sources */ = {isa = PBXBuildFile; fileRef = A20A9D951D944E4400A475D6 /* VBHTTPErrorManager.m */; };
		A20A9DAD1D944E4400A475D6 /* VBHTTPManager.m in Sources */ = {isa = PBXBuildFile; fileRef = A20A9D981D944E4400A475D6 /* VBHTTPManager.m */; };
		A20A9DAE1D944E4400A475D6 /* NSData+VBBase64.m in Sources */ = {isa = PBXBuildFile; fileRef = A20A9D9B1D944E4400A475D6 /* NSData+VBBase64.m */; };
		A20A9DAF1D944E4400A475D6 /* NSString+VBBase64.m in Sources */ = {isa = PBXBuildFile; fileRef = A20A9D9D1D944E4400A475D6 /* NSString+VBBase64.m */; };
		A20A9DB01D944E4400A475D6 /* NSString+VBHash.m in Sources */ = {isa = PBXBuildFile; fileRef = A20A9D9F1D944E4400A475D6 /* NSString+VBHash.m */; };
		A20A9DB11D944E4400A475D6 /* NSString+VBUrlEncode.m in Sources */ = {isa = PBXBuildFile; fileRef = A20A9DA11D944E4400A475D6 /* NSString+VBUrlEncode.m */; };
		A20A9DB21D944E4400A475D6 /* VBHTTPModels.m in Sources */ = {isa = PBXBuildFile; fileRef = A20A9DA41D944E4400A475D6 /* VBHTTPModels.m */; };
		A20A9DB31D944E4400A475D6 /* VBHttpUrlManager.m in Sources */ = {isa = PBXBuildFile; fileRef = A20A9DA61D944E4400A475D6 /* VBHttpUrlManager.m */; };
		A20A9DB41D944E4400A475D6 /* VBLocationManager.m in Sources */ = {isa = PBXBuildFile; fileRef = A20A9DA91D944E4400A475D6 /* VBLocationManager.m */; };
		A20A9DC61D944FF800A475D6 /* VBConfigDBManager.mm in Sources */ = {isa = PBXBuildFile; fileRef = A20A9DB81D944FF800A475D6 /* VBConfigDBManager.mm */; };
		A20A9DC71D944FF800A475D6 /* VBDBManager.m in Sources */ = {isa = PBXBuildFile; fileRef = A20A9DBA1D944FF800A475D6 /* VBDBManager.m */; };
		A20A9DC81D944FF800A475D6 /* VBFMEncryptDatabase.m in Sources */ = {isa = PBXBuildFile; fileRef = A20A9DBF1D944FF800A475D6 /* VBFMEncryptDatabase.m */; };
		A20A9DC91D944FF800A475D6 /* VBFMEncryptDatabaseQueue.m in Sources */ = {isa = PBXBuildFile; fileRef = A20A9DC11D944FF800A475D6 /* VBFMEncryptDatabaseQueue.m */; };
		A20A9DCA1D944FF800A475D6 /* VBFMEncryptHelper.m in Sources */ = {isa = PBXBuildFile; fileRef = A20A9DC31D944FF800A475D6 /* VBFMEncryptHelper.m */; };
		A20A9DCB1D944FF800A475D6 /* VBDBManagerFactory.m in Sources */ = {isa = PBXBuildFile; fileRef = A20A9DC51D944FF800A475D6 /* VBDBManagerFactory.m */; };
		A20A9DCD1D94502200A475D6 /* libsqlite3.tbd in Frameworks */ = {isa = PBXBuildFile; fileRef = A20A9DCC1D94502200A475D6 /* libsqlite3.tbd */; };
		A2B1300D1D9451F2003F582A /* VBAlertView.m in Sources */ = {isa = PBXBuildFile; fileRef = A2B1300A1D9451F2003F582A /* VBAlertView.m */; };
		A2B1300E1D9451F2003F582A /* VBerror@2x.png in Resources */ = {isa = PBXBuildFile; fileRef = A2B1300B1D9451F2003F582A /* VBerror@2x.png */; };
		A2B1300F1D9451F2003F582A /* VBsuccess@2x.png in Resources */ = {isa = PBXBuildFile; fileRef = A2B1300C1D9451F2003F582A /* VBsuccess@2x.png */; };
		A2B130121D94CA29003F582A /* VBAppDelegate.m in Sources */ = {isa = PBXBuildFile; fileRef = A2B130111D94CA29003F582A /* VBAppDelegate.m */; };
		A2B130181D94CCD7003F582A /* VBBaseViewController.m in Sources */ = {isa = PBXBuildFile; fileRef = A2B130171D94CCD7003F582A /* VBBaseViewController.m */; };
		A2B1301E1D94CD15003F582A /* VBBaseTableViewController.m in Sources */ = {isa = PBXBuildFile; fileRef = A2B1301D1D94CD15003F582A /* VBBaseTableViewController.m */; };
/* End PBXBuildFile section */

/* Begin PBXContainerItemProxy section */
		A20A9D361D94024800A475D6 /* PBXContainerItemProxy */ = {
			isa = PBXContainerItemProxy;
			containerPortal = A20A9D141D94024800A475D6 /* Project object */;
			proxyType = 1;
			remoteGlobalIDString = A20A9D1B1D94024800A475D6;
			remoteInfo = VBKit;
		};
		A20A9D411D94024800A475D6 /* PBXContainerItemProxy */ = {
			isa = PBXContainerItemProxy;
			containerPortal = A20A9D141D94024800A475D6 /* Project object */;
			proxyType = 1;
			remoteGlobalIDString = A20A9D1B1D94024800A475D6;
			remoteInfo = VBKit;
		};
/* End PBXContainerItemProxy section */

/* Begin PBXFileReference section */
		2A3CBCAC22B065325D537BDF /* Pods-VBKit.debug.xcconfig */ = {isa = PBXFileReference; includeInIndex = 1; lastKnownFileType = text.xcconfig; name = "Pods-VBKit.debug.xcconfig"; path = "Pods/Target Support Files/Pods-VBKit/Pods-VBKit.debug.xcconfig"; sourceTree = "<group>"; };
		329B7835CD661D36C858488E /* Pods-VBKitTests.release.xcconfig */ = {isa = PBXFileReference; includeInIndex = 1; lastKnownFileType = text.xcconfig; name = "Pods-VBKitTests.release.xcconfig"; path = "Pods/Target Support Files/Pods-VBKitTests/Pods-VBKitTests.release.xcconfig"; sourceTree = "<group>"; };
		4DB09AAE8EAF8BBF52A97A52 /* Pods-VBKit.release.xcconfig */ = {isa = PBXFileReference; includeInIndex = 1; lastKnownFileType = text.xcconfig; name = "Pods-VBKit.release.xcconfig"; path = "Pods/Target Support Files/Pods-VBKit/Pods-VBKit.release.xcconfig"; sourceTree = "<group>"; };
		7C6A1F107C13DEBE15F2DAFB /* libPods-VBKit.a */ = {isa = PBXFileReference; explicitFileType = archive.ar; includeInIndex = 0; path = "libPods-VBKit.a"; sourceTree = BUILT_PRODUCTS_DIR; };
		8D53075C7CA7CD1F3C615AB6 /* libPods-VBKitUITests.a */ = {isa = PBXFileReference; explicitFileType = archive.ar; includeInIndex = 0; path = "libPods-VBKitUITests.a"; sourceTree = BUILT_PRODUCTS_DIR; };
		9CF3199607366EF788394269 /* Pods-VBKitUITests.debug.xcconfig */ = {isa = PBXFileReference; includeInIndex = 1; lastKnownFileType = text.xcconfig; name = "Pods-VBKitUITests.debug.xcconfig"; path = "Pods/Target Support Files/Pods-VBKitUITests/Pods-VBKitUITests.debug.xcconfig"; sourceTree = "<group>"; };
		A20A9D1C1D94024800A475D6 /* VBKit.app */ = {isa = PBXFileReference; explicitFileType = wrapper.application; includeInIndex = 0; path = VBKit.app; sourceTree = BUILT_PRODUCTS_DIR; };
		A20A9D201D94024800A475D6 /* main.m */ = {isa = PBXFileReference; lastKnownFileType = sourcecode.c.objc; path = main.m; sourceTree = "<group>"; };
		A20A9D251D94024800A475D6 /* ViewController.h */ = {isa = PBXFileReference; lastKnownFileType = sourcecode.c.h; path = ViewController.h; sourceTree = "<group>"; };
		A20A9D261D94024800A475D6 /* ViewController.m */ = {isa = PBXFileReference; lastKnownFileType = sourcecode.c.objc; path = ViewController.m; sourceTree = "<group>"; };
		A20A9D291D94024800A475D6 /* Base */ = {isa = PBXFileReference; lastKnownFileType = file.storyboard; name = Base; path = Base.lproj/Main.storyboard; sourceTree = "<group>"; };
		A20A9D2B1D94024800A475D6 /* Assets.xcassets */ = {isa = PBXFileReference; lastKnownFileType = folder.assetcatalog; path = Assets.xcassets; sourceTree = "<group>"; };
		A20A9D2E1D94024800A475D6 /* Base */ = {isa = PBXFileReference; lastKnownFileType = file.storyboard; name = Base; path = Base.lproj/LaunchScreen.storyboard; sourceTree = "<group>"; };
		A20A9D301D94024800A475D6 /* Info.plist */ = {isa = PBXFileReference; lastKnownFileType = text.plist.xml; path = Info.plist; sourceTree = "<group>"; };
		A20A9D351D94024800A475D6 /* VBKitTests.xctest */ = {isa = PBXFileReference; explicitFileType = wrapper.cfbundle; includeInIndex = 0; path = VBKitTests.xctest; sourceTree = BUILT_PRODUCTS_DIR; };
		A20A9D391D94024800A475D6 /* VBKitTests.m */ = {isa = PBXFileReference; lastKnownFileType = sourcecode.c.objc; path = VBKitTests.m; sourceTree = "<group>"; };
		A20A9D3B1D94024800A475D6 /* Info.plist */ = {isa = PBXFileReference; lastKnownFileType = text.plist.xml; path = Info.plist; sourceTree = "<group>"; };
		A20A9D401D94024800A475D6 /* VBKitUITests.xctest */ = {isa = PBXFileReference; explicitFileType = wrapper.cfbundle; includeInIndex = 0; path = VBKitUITests.xctest; sourceTree = BUILT_PRODUCTS_DIR; };
		A20A9D441D94024800A475D6 /* VBKitUITests.m */ = {isa = PBXFileReference; lastKnownFileType = sourcecode.c.objc; path = VBKitUITests.m; sourceTree = "<group>"; };
		A20A9D461D94024800A475D6 /* Info.plist */ = {isa = PBXFileReference; lastKnownFileType = text.plist.xml; path = Info.plist; sourceTree = "<group>"; };
		A20A9D541D9403C800A475D6 /* UIView+VBMotionEffect.h */ = {isa = PBXFileReference; fileEncoding = 4; lastKnownFileType = sourcecode.c.h; path = "UIView+VBMotionEffect.h"; sourceTree = "<group>"; };
		A20A9D551D9403C800A475D6 /* UIView+VBMotionEffect.m */ = {isa = PBXFileReference; fileEncoding = 4; lastKnownFileType = sourcecode.c.objc; path = "UIView+VBMotionEffect.m"; sourceTree = "<group>"; };
		A20A9D561D9403C800A475D6 /* VBCategories.h */ = {isa = PBXFileReference; fileEncoding = 4; lastKnownFileType = sourcecode.c.h; path = VBCategories.h; sourceTree = "<group>"; };
		A20A9D581D9403C800A475D6 /* VBFoundation.h */ = {isa = PBXFileReference; fileEncoding = 4; lastKnownFileType = sourcecode.c.h; path = VBFoundation.h; sourceTree = "<group>"; };
		A20A9D591D9403C800A475D6 /* VBLog.h */ = {isa = PBXFileReference; fileEncoding = 4; lastKnownFileType = sourcecode.c.h; path = VBLog.h; sourceTree = "<group>"; };
		A20A9D5A1D9403C800A475D6 /* VBLog.m */ = {isa = PBXFileReference; fileEncoding = 4; lastKnownFileType = sourcecode.c.objc; path = VBLog.m; sourceTree = "<group>"; };
		A20A9D5B1D9403C800A475D6 /* VBObject.h */ = {isa = PBXFileReference; fileEncoding = 4; lastKnownFileType = sourcecode.c.h; path = VBObject.h; sourceTree = "<group>"; };
		A20A9D5C1D9403C800A475D6 /* VBObject.m */ = {isa = PBXFileReference; fileEncoding = 4; lastKnownFileType = sourcecode.c.objc; path = VBObject.m; sourceTree = "<group>"; };
		A20A9D5F1D9403C800A475D6 /* VBNavigationBar.h */ = {isa = PBXFileReference; fileEncoding = 4; lastKnownFileType = sourcecode.c.h; path = VBNavigationBar.h; sourceTree = "<group>"; };
		A20A9D601D9403C800A475D6 /* VBNavigationBar.m */ = {isa = PBXFileReference; fileEncoding = 4; lastKnownFileType = sourcecode.c.objc; path = VBNavigationBar.m; sourceTree = "<group>"; };
		A20A9D611D9403C800A475D6 /* VBNavigationController.h */ = {isa = PBXFileReference; fileEncoding = 4; lastKnownFileType = sourcecode.c.h; path = VBNavigationController.h; sourceTree = "<group>"; };
		A20A9D621D9403C800A475D6 /* VBNavigationController.m */ = {isa = PBXFileReference; fileEncoding = 4; lastKnownFileType = sourcecode.c.objc; path = VBNavigationController.m; sourceTree = "<group>"; };
		A20A9D631D9403C800A475D6 /* VBTabBarController.h */ = {isa = PBXFileReference; fileEncoding = 4; lastKnownFileType = sourcecode.c.h; path = VBTabBarController.h; sourceTree = "<group>"; };
		A20A9D641D9403C800A475D6 /* VBTabBarController.m */ = {isa = PBXFileReference; fileEncoding = 4; lastKnownFileType = sourcecode.c.objc; path = VBTabBarController.m; sourceTree = "<group>"; };
		A20A9D651D9403C800A475D6 /* VBTableView.h */ = {isa = PBXFileReference; fileEncoding = 4; lastKnownFileType = sourcecode.c.h; path = VBTableView.h; sourceTree = "<group>"; };
		A20A9D661D9403C800A475D6 /* VBTableView.m */ = {isa = PBXFileReference; fileEncoding = 4; lastKnownFileType = sourcecode.c.objc; path = VBTableView.m; sourceTree = "<group>"; };
		A20A9D671D9403C800A475D6 /* VBTableViewCell.h */ = {isa = PBXFileReference; fileEncoding = 4; lastKnownFileType = sourcecode.c.h; path = VBTableViewCell.h; sourceTree = "<group>"; };
		A20A9D681D9403C800A475D6 /* VBTableViewCell.m */ = {isa = PBXFileReference; fileEncoding = 4; lastKnownFileType = sourcecode.c.objc; path = VBTableViewCell.m; sourceTree = "<group>"; };
		A20A9D6A1D9403C800A475D6 /* VBView.h */ = {isa = PBXFileReference; fileEncoding = 4; lastKnownFileType = sourcecode.c.h; path = VBView.h; sourceTree = "<group>"; };
		A20A9D6B1D9403C800A475D6 /* VBView.m */ = {isa = PBXFileReference; fileEncoding = 4; lastKnownFileType = sourcecode.c.objc; path = VBView.m; sourceTree = "<group>"; };
		A20A9D6C1D9403C800A475D6 /* VBViewController.h */ = {isa = PBXFileReference; fileEncoding = 4; lastKnownFileType = sourcecode.c.h; path = VBViewController.h; sourceTree = "<group>"; };
		A20A9D6D1D9403C800A475D6 /* VBViewController.m */ = {isa = PBXFileReference; fileEncoding = 4; lastKnownFileType = sourcecode.c.objc; path = VBViewController.m; sourceTree = "<group>"; };
		A20A9D791D94082200A475D6 /* VBKit-Prefix.pch */ = {isa = PBXFileReference; lastKnownFileType = sourcecode.c.h; path = "VBKit-Prefix.pch"; sourceTree = "<group>"; };
		A20A9D7B1D94092F00A475D6 /* VBConstants.h */ = {isa = PBXFileReference; lastKnownFileType = sourcecode.c.h; path = VBConstants.h; sourceTree = "<group>"; };
		A20A9D7C1D94093800A475D6 /* VBKit.h */ = {isa = PBXFileReference; lastKnownFileType = sourcecode.c.h; path = VBKit.h; sourceTree = "<group>"; };
		A20A9D7D1D9409C800A475D6 /* VBUI.h */ = {isa = PBXFileReference; lastKnownFileType = sourcecode.c.h; path = VBUI.h; sourceTree = "<group>"; };
		A20A9D861D940B3A00A475D6 /* VBColorManager.h */ = {isa = PBXFileReference; fileEncoding = 4; lastKnownFileType = sourcecode.c.h; path = VBColorManager.h; sourceTree = "<group>"; };
		A20A9D871D940B3A00A475D6 /* VBColorManager.m */ = {isa = PBXFileReference; fileEncoding = 4; lastKnownFileType = sourcecode.c.objc; path = VBColorManager.m; sourceTree = "<group>"; };
		A20A9D881D940B3A00A475D6 /* VBManagers.h */ = {isa = PBXFileReference; fileEncoding = 4; lastKnownFileType = sourcecode.c.h; path = VBManagers.h; sourceTree = "<group>"; };
		A20A9D8A1D940D4400A475D6 /* UIColor+HEX.h */ = {isa = PBXFileReference; fileEncoding = 4; lastKnownFileType = sourcecode.c.h; path = "UIColor+HEX.h"; sourceTree = "<group>"; };
		A20A9D8B1D940D4400A475D6 /* UIColor+HEX.m */ = {isa = PBXFileReference; fileEncoding = 4; lastKnownFileType = sourcecode.c.objc; path = "UIColor+HEX.m"; sourceTree = "<group>"; };
		A20A9D8E1D944E4400A475D6 /* VBFileManager.h */ = {isa = PBXFileReference; fileEncoding = 4; lastKnownFileType = sourcecode.c.h; lineEnding = 0; path = VBFileManager.h; sourceTree = "<group>"; xcLanguageSpecificationIdentifier = xcode.lang.objcpp; };
		A20A9D8F1D944E4400A475D6 /* VBFileManager.m */ = {isa = PBXFileReference; fileEncoding = 4; lastKnownFileType = sourcecode.c.objc; lineEnding = 0; path = VBFileManager.m; sourceTree = "<group>"; xcLanguageSpecificationIdentifier = xcode.lang.objc; };
		A20A9D921D944E4400A475D6 /* VBFileConfig.h */ = {isa = PBXFileReference; fileEncoding = 4; lastKnownFileType = sourcecode.c.h; lineEnding = 0; path = VBFileConfig.h; sourceTree = "<group>"; xcLanguageSpecificationIdentifier = xcode.lang.objcpp; };
		A20A9D931D944E4400A475D6 /* VBFileConfig.m */ = {isa = PBXFileReference; fileEncoding = 4; lastKnownFileType = sourcecode.c.objc; lineEnding = 0; path = VBFileConfig.m; sourceTree = "<group>"; xcLanguageSpecificationIdentifier = xcode.lang.objc; };
		A20A9D941D944E4400A475D6 /* VBHTTPErrorManager.h */ = {isa = PBXFileReference; fileEncoding = 4; lastKnownFileType = sourcecode.c.h; lineEnding = 0; path = VBHTTPErrorManager.h; sourceTree = "<group>"; xcLanguageSpecificationIdentifier = xcode.lang.objcpp; };
		A20A9D951D944E4400A475D6 /* VBHTTPErrorManager.m */ = {isa = PBXFileReference; fileEncoding = 4; lastKnownFileType = sourcecode.c.objc; lineEnding = 0; path = VBHTTPErrorManager.m; sourceTree = "<group>"; xcLanguageSpecificationIdentifier = xcode.lang.objc; };
		A20A9D961D944E4400A475D6 /* VBHTTPHelper.h */ = {isa = PBXFileReference; fileEncoding = 4; lastKnownFileType = sourcecode.c.h; lineEnding = 0; path = VBHTTPHelper.h; sourceTree = "<group>"; xcLanguageSpecificationIdentifier = xcode.lang.objcpp; };
		A20A9D971D944E4400A475D6 /* VBHTTPManager.h */ = {isa = PBXFileReference; fileEncoding = 4; lastKnownFileType = sourcecode.c.h; lineEnding = 0; path = VBHTTPManager.h; sourceTree = "<group>"; xcLanguageSpecificationIdentifier = xcode.lang.objcpp; };
		A20A9D981D944E4400A475D6 /* VBHTTPManager.m */ = {isa = PBXFileReference; fileEncoding = 4; lastKnownFileType = sourcecode.c.objc; lineEnding = 0; path = VBHTTPManager.m; sourceTree = "<group>"; xcLanguageSpecificationIdentifier = xcode.lang.objc; };
		A20A9D9A1D944E4400A475D6 /* NSData+VBBase64.h */ = {isa = PBXFileReference; fileEncoding = 4; lastKnownFileType = sourcecode.c.h; path = "NSData+VBBase64.h"; sourceTree = "<group>"; };
		A20A9D9B1D944E4400A475D6 /* NSData+VBBase64.m */ = {isa = PBXFileReference; fileEncoding = 4; lastKnownFileType = sourcecode.c.objc; path = "NSData+VBBase64.m"; sourceTree = "<group>"; };
		A20A9D9C1D944E4400A475D6 /* NSString+VBBase64.h */ = {isa = PBXFileReference; fileEncoding = 4; lastKnownFileType = sourcecode.c.h; path = "NSString+VBBase64.h"; sourceTree = "<group>"; };
		A20A9D9D1D944E4400A475D6 /* NSString+VBBase64.m */ = {isa = PBXFileReference; fileEncoding = 4; lastKnownFileType = sourcecode.c.objc; path = "NSString+VBBase64.m"; sourceTree = "<group>"; };
		A20A9D9E1D944E4400A475D6 /* NSString+VBHash.h */ = {isa = PBXFileReference; fileEncoding = 4; lastKnownFileType = sourcecode.c.h; path = "NSString+VBHash.h"; sourceTree = "<group>"; };
		A20A9D9F1D944E4400A475D6 /* NSString+VBHash.m */ = {isa = PBXFileReference; fileEncoding = 4; lastKnownFileType = sourcecode.c.objc; path = "NSString+VBHash.m"; sourceTree = "<group>"; };
		A20A9DA01D944E4400A475D6 /* NSString+VBUrlEncode.h */ = {isa = PBXFileReference; fileEncoding = 4; lastKnownFileType = sourcecode.c.h; path = "NSString+VBUrlEncode.h"; sourceTree = "<group>"; };
		A20A9DA11D944E4400A475D6 /* NSString+VBUrlEncode.m */ = {isa = PBXFileReference; fileEncoding = 4; lastKnownFileType = sourcecode.c.objc; path = "NSString+VBUrlEncode.m"; sourceTree = "<group>"; };
		A20A9DA21D944E4400A475D6 /* VBHTTPTools.h */ = {isa = PBXFileReference; fileEncoding = 4; lastKnownFileType = sourcecode.c.h; path = VBHTTPTools.h; sourceTree = "<group>"; };
		A20A9DA31D944E4400A475D6 /* VBHTTPModels.h */ = {isa = PBXFileReference; fileEncoding = 4; lastKnownFileType = sourcecode.c.h; lineEnding = 0; path = VBHTTPModels.h; sourceTree = "<group>"; xcLanguageSpecificationIdentifier = xcode.lang.objcpp; };
		A20A9DA41D944E4400A475D6 /* VBHTTPModels.m */ = {isa = PBXFileReference; fileEncoding = 4; lastKnownFileType = sourcecode.c.objc; lineEnding = 0; path = VBHTTPModels.m; sourceTree = "<group>"; xcLanguageSpecificationIdentifier = xcode.lang.objc; };
		A20A9DA51D944E4400A475D6 /* VBHttpUrlManager.h */ = {isa = PBXFileReference; fileEncoding = 4; lastKnownFileType = sourcecode.c.h; lineEnding = 0; path = VBHttpUrlManager.h; sourceTree = "<group>"; xcLanguageSpecificationIdentifier = xcode.lang.objcpp; };
		A20A9DA61D944E4400A475D6 /* VBHttpUrlManager.m */ = {isa = PBXFileReference; fileEncoding = 4; lastKnownFileType = sourcecode.c.objc; lineEnding = 0; path = VBHttpUrlManager.m; sourceTree = "<group>"; xcLanguageSpecificationIdentifier = xcode.lang.objc; };
		A20A9DA81D944E4400A475D6 /* VBLocationManager.h */ = {isa = PBXFileReference; fileEncoding = 4; lastKnownFileType = sourcecode.c.h; lineEnding = 0; path = VBLocationManager.h; sourceTree = "<group>"; xcLanguageSpecificationIdentifier = xcode.lang.objcpp; };
		A20A9DA91D944E4400A475D6 /* VBLocationManager.m */ = {isa = PBXFileReference; fileEncoding = 4; lastKnownFileType = sourcecode.c.objc; lineEnding = 0; path = VBLocationManager.m; sourceTree = "<group>"; xcLanguageSpecificationIdentifier = xcode.lang.objc; };
		A20A9DB71D944FF800A475D6 /* VBConfigDBManager.h */ = {isa = PBXFileReference; fileEncoding = 4; lastKnownFileType = sourcecode.c.h; path = VBConfigDBManager.h; sourceTree = "<group>"; };
		A20A9DB81D944FF800A475D6 /* VBConfigDBManager.mm */ = {isa = PBXFileReference; fileEncoding = 4; lastKnownFileType = sourcecode.cpp.objcpp; path = VBConfigDBManager.mm; sourceTree = "<group>"; };
		A20A9DB91D944FF800A475D6 /* VBDBManager.h */ = {isa = PBXFileReference; fileEncoding = 4; lastKnownFileType = sourcecode.c.h; path = VBDBManager.h; sourceTree = "<group>"; };
		A20A9DBA1D944FF800A475D6 /* VBDBManager.m */ = {isa = PBXFileReference; fileEncoding = 4; lastKnownFileType = sourcecode.c.objc; path = VBDBManager.m; sourceTree = "<group>"; };
		A20A9DBC1D944FF800A475D6 /* VBFMDBEncrypt.h */ = {isa = PBXFileReference; fileEncoding = 4; lastKnownFileType = sourcecode.c.h; path = VBFMDBEncrypt.h; sourceTree = "<group>"; };
		A20A9DBD1D944FF800A475D6 /* VBFMDBEncryptConfig.h */ = {isa = PBXFileReference; fileEncoding = 4; lastKnownFileType = sourcecode.c.h; path = VBFMDBEncryptConfig.h; sourceTree = "<group>"; };
		A20A9DBE1D944FF800A475D6 /* VBFMEncryptDatabase.h */ = {isa = PBXFileReference; fileEncoding = 4; lastKnownFileType = sourcecode.c.h; path = VBFMEncryptDatabase.h; sourceTree = "<group>"; };
		A20A9DBF1D944FF800A475D6 /* VBFMEncryptDatabase.m */ = {isa = PBXFileReference; fileEncoding = 4; lastKnownFileType = sourcecode.c.objc; path = VBFMEncryptDatabase.m; sourceTree = "<group>"; };
		A20A9DC01D944FF800A475D6 /* VBFMEncryptDatabaseQueue.h */ = {isa = PBXFileReference; fileEncoding = 4; lastKnownFileType = sourcecode.c.h; path = VBFMEncryptDatabaseQueue.h; sourceTree = "<group>"; };
		A20A9DC11D944FF800A475D6 /* VBFMEncryptDatabaseQueue.m */ = {isa = PBXFileReference; fileEncoding = 4; lastKnownFileType = sourcecode.c.objc; path = VBFMEncryptDatabaseQueue.m; sourceTree = "<group>"; };
		A20A9DC21D944FF800A475D6 /* VBFMEncryptHelper.h */ = {isa = PBXFileReference; fileEncoding = 4; lastKnownFileType = sourcecode.c.h; path = VBFMEncryptHelper.h; sourceTree = "<group>"; };
		A20A9DC31D944FF800A475D6 /* VBFMEncryptHelper.m */ = {isa = PBXFileReference; fileEncoding = 4; lastKnownFileType = sourcecode.c.objc; path = VBFMEncryptHelper.m; sourceTree = "<group>"; };
		A20A9DC41D944FF800A475D6 /* VBDBManagerFactory.h */ = {isa = PBXFileReference; fileEncoding = 4; lastKnownFileType = sourcecode.c.h; path = VBDBManagerFactory.h; sourceTree = "<group>"; };
		A20A9DC51D944FF800A475D6 /* VBDBManagerFactory.m */ = {isa = PBXFileReference; fileEncoding = 4; lastKnownFileType = sourcecode.c.objc; path = VBDBManagerFactory.m; sourceTree = "<group>"; };
		A20A9DCC1D94502200A475D6 /* libsqlite3.tbd */ = {isa = PBXFileReference; lastKnownFileType = "sourcecode.text-based-dylib-definition"; name = libsqlite3.tbd; path = usr/lib/libsqlite3.tbd; sourceTree = SDKROOT; };
		A2B130081D9451F2003F582A /* VBAlertTextDefine.h */ = {isa = PBXFileReference; fileEncoding = 4; lastKnownFileType = sourcecode.c.h; path = VBAlertTextDefine.h; sourceTree = "<group>"; };
		A2B130091D9451F2003F582A /* VBAlertView.h */ = {isa = PBXFileReference; fileEncoding = 4; lastKnownFileType = sourcecode.c.h; path = VBAlertView.h; sourceTree = "<group>"; };
		A2B1300A1D9451F2003F582A /* VBAlertView.m */ = {isa = PBXFileReference; fileEncoding = 4; lastKnownFileType = sourcecode.c.objc; path = VBAlertView.m; sourceTree = "<group>"; };
		A2B1300B1D9451F2003F582A /* VBerror@2x.png */ = {isa = PBXFileReference; lastKnownFileType = image.png; path = "VBerror@2x.png"; sourceTree = "<group>"; };
		A2B1300C1D9451F2003F582A /* VBsuccess@2x.png */ = {isa = PBXFileReference; lastKnownFileType = image.png; path = "VBsuccess@2x.png"; sourceTree = "<group>"; };
		A2B130101D94CA29003F582A /* VBAppDelegate.h */ = {isa = PBXFileReference; fileEncoding = 4; lastKnownFileType = sourcecode.c.h; path = VBAppDelegate.h; sourceTree = "<group>"; };
		A2B130111D94CA29003F582A /* VBAppDelegate.m */ = {isa = PBXFileReference; fileEncoding = 4; lastKnownFileType = sourcecode.c.objc; path = VBAppDelegate.m; sourceTree = "<group>"; };
		A2B130161D94CCD7003F582A /* VBBaseViewController.h */ = {isa = PBXFileReference; fileEncoding = 4; lastKnownFileType = sourcecode.c.h; path = VBBaseViewController.h; sourceTree = "<group>"; };
		A2B130171D94CCD7003F582A /* VBBaseViewController.m */ = {isa = PBXFileReference; fileEncoding = 4; lastKnownFileType = sourcecode.c.objc; path = VBBaseViewController.m; sourceTree = "<group>"; };
		A2B1301C1D94CD15003F582A /* VBBaseTableViewController.h */ = {isa = PBXFileReference; fileEncoding = 4; lastKnownFileType = sourcecode.c.h; path = VBBaseTableViewController.h; sourceTree = "<group>"; };
		A2B1301D1D94CD15003F582A /* VBBaseTableViewController.m */ = {isa = PBXFileReference; fileEncoding = 4; lastKnownFileType = sourcecode.c.objc; path = VBBaseTableViewController.m; sourceTree = "<group>"; };
		ABF330CF990D6F8603BE6AFC /* Pods-VBKitTests.debug.xcconfig */ = {isa = PBXFileReference; includeInIndex = 1; lastKnownFileType = text.xcconfig; name = "Pods-VBKitTests.debug.xcconfig"; path = "Pods/Target Support Files/Pods-VBKitTests/Pods-VBKitTests.debug.xcconfig"; sourceTree = "<group>"; };
		BB5F304AD1DF15431DB2E552 /* libPods-VBKitTests.a */ = {isa = PBXFileReference; explicitFileType = archive.ar; includeInIndex = 0; path = "libPods-VBKitTests.a"; sourceTree = BUILT_PRODUCTS_DIR; };
		DADA70FD3B6954996BFFD016 /* Pods-VBKitUITests.release.xcconfig */ = {isa = PBXFileReference; includeInIndex = 1; lastKnownFileType = text.xcconfig; name = "Pods-VBKitUITests.release.xcconfig"; path = "Pods/Target Support Files/Pods-VBKitUITests/Pods-VBKitUITests.release.xcconfig"; sourceTree = "<group>"; };
/* End PBXFileReference section */

/* Begin PBXFrameworksBuildPhase section */
		A20A9D191D94024800A475D6 /* Frameworks */ = {
			isa = PBXFrameworksBuildPhase;
			buildActionMask = 2147483647;
			files = (
				A20A9DCD1D94502200A475D6 /* libsqlite3.tbd in Frameworks */,
				59DCAFEBE2015B76DC780508 /* libPods-VBKit.a in Frameworks */,
			);
			runOnlyForDeploymentPostprocessing = 0;
		};
		A20A9D321D94024800A475D6 /* Frameworks */ = {
			isa = PBXFrameworksBuildPhase;
			buildActionMask = 2147483647;
			files = (
				26511DC3337D5FEEC4335044 /* libPods-VBKitTests.a in Frameworks */,
			);
			runOnlyForDeploymentPostprocessing = 0;
		};
		A20A9D3D1D94024800A475D6 /* Frameworks */ = {
			isa = PBXFrameworksBuildPhase;
			buildActionMask = 2147483647;
			files = (
				9D66E3FF703BE292E4D20DBB /* libPods-VBKitUITests.a in Frameworks */,
			);
			runOnlyForDeploymentPostprocessing = 0;
		};
/* End PBXFrameworksBuildPhase section */

/* Begin PBXGroup section */
		329051E97DB101461B331EE6 /* Pods */ = {
			isa = PBXGroup;
			children = (
				2A3CBCAC22B065325D537BDF /* Pods-VBKit.debug.xcconfig */,
				4DB09AAE8EAF8BBF52A97A52 /* Pods-VBKit.release.xcconfig */,
				ABF330CF990D6F8603BE6AFC /* Pods-VBKitTests.debug.xcconfig */,
				329B7835CD661D36C858488E /* Pods-VBKitTests.release.xcconfig */,
				9CF3199607366EF788394269 /* Pods-VBKitUITests.debug.xcconfig */,
				DADA70FD3B6954996BFFD016 /* Pods-VBKitUITests.release.xcconfig */,
			);
			name = Pods;
			sourceTree = "<group>";
		};
		86EB31F964F8B13F4CB74CE7 /* Frameworks */ = {
			isa = PBXGroup;
			children = (
				A20A9DCC1D94502200A475D6 /* libsqlite3.tbd */,
				7C6A1F107C13DEBE15F2DAFB /* libPods-VBKit.a */,
				BB5F304AD1DF15431DB2E552 /* libPods-VBKitTests.a */,
				8D53075C7CA7CD1F3C615AB6 /* libPods-VBKitUITests.a */,
			);
			name = Frameworks;
			sourceTree = "<group>";
		};
		A20A9D131D94024800A475D6 = {
			isa = PBXGroup;
			children = (
				A20A9D1E1D94024800A475D6 /* VBKit */,
				A20A9D381D94024800A475D6 /* VBKitTests */,
				A20A9D431D94024800A475D6 /* VBKitUITests */,
				A20A9D1D1D94024800A475D6 /* Products */,
				329051E97DB101461B331EE6 /* Pods */,
				86EB31F964F8B13F4CB74CE7 /* Frameworks */,
			);
			sourceTree = "<group>";
		};
		A20A9D1D1D94024800A475D6 /* Products */ = {
			isa = PBXGroup;
			children = (
				A20A9D1C1D94024800A475D6 /* VBKit.app */,
				A20A9D351D94024800A475D6 /* VBKitTests.xctest */,
				A20A9D401D94024800A475D6 /* VBKitUITests.xctest */,
			);
			name = Products;
			sourceTree = "<group>";
		};
		A20A9D1E1D94024800A475D6 /* VBKit */ = {
			isa = PBXGroup;
			children = (
				A2B130101D94CA29003F582A /* VBAppDelegate.h */,
				A2B130111D94CA29003F582A /* VBAppDelegate.m */,
				A20A9D251D94024800A475D6 /* ViewController.h */,
				A20A9D261D94024800A475D6 /* ViewController.m */,
				A20A9D521D9403C800A475D6 /* VBKit */,
				A20A9D281D94024800A475D6 /* Main.storyboard */,
				A20A9D2B1D94024800A475D6 /* Assets.xcassets */,
				A20A9D2D1D94024800A475D6 /* LaunchScreen.storyboard */,
				A20A9D301D94024800A475D6 /* Info.plist */,
				A20A9D1F1D94024800A475D6 /* Supporting Files */,
			);
			path = VBKit;
			sourceTree = "<group>";
		};
		A20A9D1F1D94024800A475D6 /* Supporting Files */ = {
			isa = PBXGroup;
			children = (
				A20A9D201D94024800A475D6 /* main.m */,
				A20A9D791D94082200A475D6 /* VBKit-Prefix.pch */,
			);
			name = "Supporting Files";
			sourceTree = "<group>";
		};
		A20A9D381D94024800A475D6 /* VBKitTests */ = {
			isa = PBXGroup;
			children = (
				A20A9D391D94024800A475D6 /* VBKitTests.m */,
				A20A9D3B1D94024800A475D6 /* Info.plist */,
			);
			path = VBKitTests;
			sourceTree = "<group>";
		};
		A20A9D431D94024800A475D6 /* VBKitUITests */ = {
			isa = PBXGroup;
			children = (
				A20A9D441D94024800A475D6 /* VBKitUITests.m */,
				A20A9D461D94024800A475D6 /* Info.plist */,
			);
			path = VBKitUITests;
			sourceTree = "<group>";
		};
		A20A9D521D9403C800A475D6 /* VBKit */ = {
			isa = PBXGroup;
			children = (
				A20A9D7C1D94093800A475D6 /* VBKit.h */,
				A20A9D7B1D94092F00A475D6 /* VBConstants.h */,
				A20A9D841D940B3A00A475D6 /* VBManagers */,
				A20A9D5D1D9403C800A475D6 /* VBUI */,
				A20A9D531D9403C800A475D6 /* VBCategories */,
				A20A9D571D9403C800A475D6 /* VBFoundation */,
			);
			path = VBKit;
			sourceTree = "<group>";
		};
		A20A9D531D9403C800A475D6 /* VBCategories */ = {
			isa = PBXGroup;
			children = (
				A20A9D561D9403C800A475D6 /* VBCategories.h */,
				A20A9D541D9403C800A475D6 /* UIView+VBMotionEffect.h */,
				A20A9D551D9403C800A475D6 /* UIView+VBMotionEffect.m */,
				A20A9D8A1D940D4400A475D6 /* UIColor+HEX.h */,
				A20A9D8B1D940D4400A475D6 /* UIColor+HEX.m */,
			);
			path = VBCategories;
			sourceTree = "<group>";
		};
		A20A9D571D9403C800A475D6 /* VBFoundation */ = {
			isa = PBXGroup;
			children = (
				A20A9D581D9403C800A475D6 /* VBFoundation.h */,
				A20A9D591D9403C800A475D6 /* VBLog.h */,
				A20A9D5A1D9403C800A475D6 /* VBLog.m */,
				A20A9D5B1D9403C800A475D6 /* VBObject.h */,
				A20A9D5C1D9403C800A475D6 /* VBObject.m */,
			);
			path = VBFoundation;
			sourceTree = "<group>";
		};
		A20A9D5D1D9403C800A475D6 /* VBUI */ = {
			isa = PBXGroup;
			children = (
				A20A9D7D1D9409C800A475D6 /* VBUI.h */,
				A2B130071D9451F2003F582A /* VBAlertView */,
				A20A9D5E1D9403C800A475D6 /* Base */,
			);
			path = VBUI;
			sourceTree = "<group>";
		};
		A20A9D5E1D9403C800A475D6 /* Base */ = {
			isa = PBXGroup;
			children = (
				A20A9D5F1D9403C800A475D6 /* VBNavigationBar.h */,
				A20A9D601D9403C800A475D6 /* VBNavigationBar.m */,
				A20A9D611D9403C800A475D6 /* VBNavigationController.h */,
				A20A9D621D9403C800A475D6 /* VBNavigationController.m */,
				A20A9D631D9403C800A475D6 /* VBTabBarController.h */,
				A20A9D641D9403C800A475D6 /* VBTabBarController.m */,
				A20A9D651D9403C800A475D6 /* VBTableView.h */,
				A20A9D661D9403C800A475D6 /* VBTableView.m */,
				A20A9D671D9403C800A475D6 /* VBTableViewCell.h */,
				A20A9D681D9403C800A475D6 /* VBTableViewCell.m */,
				A20A9D6A1D9403C800A475D6 /* VBView.h */,
				A20A9D6B1D9403C800A475D6 /* VBView.m */,
				A20A9D6C1D9403C800A475D6 /* VBViewController.h */,
				A20A9D6D1D9403C800A475D6 /* VBViewController.m */,
				A2B130161D94CCD7003F582A /* VBBaseViewController.h */,
				A2B130171D94CCD7003F582A /* VBBaseViewController.m */,
				A2B1301C1D94CD15003F582A /* VBBaseTableViewController.h */,
				A2B1301D1D94CD15003F582A /* VBBaseTableViewController.m */,
			);
			path = Base;
			sourceTree = "<group>";
		};
		A20A9D841D940B3A00A475D6 /* VBManagers */ = {
			isa = PBXGroup;
			children = (
				A20A9D881D940B3A00A475D6 /* VBManagers.h */,
				A20A9DB51D944FF800A475D6 /* VBDBManager */,
				A20A9D8D1D944E4400A475D6 /* VBFileManager */,
				A20A9D901D944E4400A475D6 /* VBHTTPManager */,
				A20A9DA71D944E4400A475D6 /* VBLocationManager */,
				A20A9D851D940B3A00A475D6 /* VBColorManager */,
			);
			path = VBManagers;
			sourceTree = "<group>";
		};
		A20A9D851D940B3A00A475D6 /* VBColorManager */ = {
			isa = PBXGroup;
			children = (
				A20A9D861D940B3A00A475D6 /* VBColorManager.h */,
				A20A9D871D940B3A00A475D6 /* VBColorManager.m */,
			);
			path = VBColorManager;
			sourceTree = "<group>";
		};
		A20A9D8D1D944E4400A475D6 /* VBFileManager */ = {
			isa = PBXGroup;
			children = (
				A20A9D8E1D944E4400A475D6 /* VBFileManager.h */,
				A20A9D8F1D944E4400A475D6 /* VBFileManager.m */,
			);
			path = VBFileManager;
			sourceTree = "<group>";
		};
		A20A9D901D944E4400A475D6 /* VBHTTPManager */ = {
			isa = PBXGroup;
			children = (
				A20A9D911D944E4400A475D6 /* VBHTTPManager */,
				A20A9DA31D944E4400A475D6 /* VBHTTPModels.h */,
				A20A9DA41D944E4400A475D6 /* VBHTTPModels.m */,
				A20A9DA51D944E4400A475D6 /* VBHttpUrlManager.h */,
				A20A9DA61D944E4400A475D6 /* VBHttpUrlManager.m */,
			);
			path = VBHTTPManager;
			sourceTree = "<group>";
		};
		A20A9D911D944E4400A475D6 /* VBHTTPManager */ = {
			isa = PBXGroup;
			children = (
				A20A9D921D944E4400A475D6 /* VBFileConfig.h */,
				A20A9D931D944E4400A475D6 /* VBFileConfig.m */,
				A20A9D941D944E4400A475D6 /* VBHTTPErrorManager.h */,
				A20A9D951D944E4400A475D6 /* VBHTTPErrorManager.m */,
				A20A9D961D944E4400A475D6 /* VBHTTPHelper.h */,
				A20A9D971D944E4400A475D6 /* VBHTTPManager.h */,
				A20A9D981D944E4400A475D6 /* VBHTTPManager.m */,
				A20A9D991D944E4400A475D6 /* VBHTTPTools */,
			);
			path = VBHTTPManager;
			sourceTree = "<group>";
		};
		A20A9D991D944E4400A475D6 /* VBHTTPTools */ = {
			isa = PBXGroup;
			children = (
				A20A9D9A1D944E4400A475D6 /* NSData+VBBase64.h */,
				A20A9D9B1D944E4400A475D6 /* NSData+VBBase64.m */,
				A20A9D9C1D944E4400A475D6 /* NSString+VBBase64.h */,
				A20A9D9D1D944E4400A475D6 /* NSString+VBBase64.m */,
				A20A9D9E1D944E4400A475D6 /* NSString+VBHash.h */,
				A20A9D9F1D944E4400A475D6 /* NSString+VBHash.m */,
				A20A9DA01D944E4400A475D6 /* NSString+VBUrlEncode.h */,
				A20A9DA11D944E4400A475D6 /* NSString+VBUrlEncode.m */,
				A20A9DA21D944E4400A475D6 /* VBHTTPTools.h */,
			);
			path = VBHTTPTools;
			sourceTree = "<group>";
		};
		A20A9DA71D944E4400A475D6 /* VBLocationManager */ = {
			isa = PBXGroup;
			children = (
				A20A9DA81D944E4400A475D6 /* VBLocationManager.h */,
				A20A9DA91D944E4400A475D6 /* VBLocationManager.m */,
			);
			path = VBLocationManager;
			sourceTree = "<group>";
		};
		A20A9DB51D944FF800A475D6 /* VBDBManager */ = {
			isa = PBXGroup;
			children = (
				A20A9DB61D944FF800A475D6 /* VBDBManager */,
				A20A9DC41D944FF800A475D6 /* VBDBManagerFactory.h */,
				A20A9DC51D944FF800A475D6 /* VBDBManagerFactory.m */,
			);
			path = VBDBManager;
			sourceTree = "<group>";
		};
		A20A9DB61D944FF800A475D6 /* VBDBManager */ = {
			isa = PBXGroup;
			children = (
				A20A9DB71D944FF800A475D6 /* VBConfigDBManager.h */,
				A20A9DB81D944FF800A475D6 /* VBConfigDBManager.mm */,
				A20A9DB91D944FF800A475D6 /* VBDBManager.h */,
				A20A9DBA1D944FF800A475D6 /* VBDBManager.m */,
				A20A9DBB1D944FF800A475D6 /* VBFMDBEncrypt */,
			);
			path = VBDBManager;
			sourceTree = "<group>";
		};
		A20A9DBB1D944FF800A475D6 /* VBFMDBEncrypt */ = {
			isa = PBXGroup;
			children = (
				A20A9DBC1D944FF800A475D6 /* VBFMDBEncrypt.h */,
				A20A9DBD1D944FF800A475D6 /* VBFMDBEncryptConfig.h */,
				A20A9DBE1D944FF800A475D6 /* VBFMEncryptDatabase.h */,
				A20A9DBF1D944FF800A475D6 /* VBFMEncryptDatabase.m */,
				A20A9DC01D944FF800A475D6 /* VBFMEncryptDatabaseQueue.h */,
				A20A9DC11D944FF800A475D6 /* VBFMEncryptDatabaseQueue.m */,
				A20A9DC21D944FF800A475D6 /* VBFMEncryptHelper.h */,
				A20A9DC31D944FF800A475D6 /* VBFMEncryptHelper.m */,
			);
			path = VBFMDBEncrypt;
			sourceTree = "<group>";
		};
		A2B130071D9451F2003F582A /* VBAlertView */ = {
			isa = PBXGroup;
			children = (
				A2B130081D9451F2003F582A /* VBAlertTextDefine.h */,
				A2B130091D9451F2003F582A /* VBAlertView.h */,
				A2B1300A1D9451F2003F582A /* VBAlertView.m */,
				A2B1300B1D9451F2003F582A /* VBerror@2x.png */,
				A2B1300C1D9451F2003F582A /* VBsuccess@2x.png */,
			);
			path = VBAlertView;
			sourceTree = "<group>";
		};
/* End PBXGroup section */

/* Begin PBXNativeTarget section */
		A20A9D1B1D94024800A475D6 /* VBKit */ = {
			isa = PBXNativeTarget;
			buildConfigurationList = A20A9D491D94024800A475D6 /* Build configuration list for PBXNativeTarget "VBKit" */;
			buildPhases = (
				9B413D6607A71D82B76D507B /* [CP] Check Pods Manifest.lock */,
				A20A9D181D94024800A475D6 /* Sources */,
				A20A9D191D94024800A475D6 /* Frameworks */,
				A20A9D1A1D94024800A475D6 /* Resources */,
				C234173543159143060836A6 /* [CP] Embed Pods Frameworks */,
				27470BFEBF7647B94D57D64D /* [CP] Copy Pods Resources */,
			);
			buildRules = (
			);
			dependencies = (
			);
			name = VBKit;
			productName = VBKit;
			productReference = A20A9D1C1D94024800A475D6 /* VBKit.app */;
			productType = "com.apple.product-type.application";
		};
		A20A9D341D94024800A475D6 /* VBKitTests */ = {
			isa = PBXNativeTarget;
			buildConfigurationList = A20A9D4C1D94024800A475D6 /* Build configuration list for PBXNativeTarget "VBKitTests" */;
			buildPhases = (
				8D7C80AB8C3C8EFC1A09F272 /* [CP] Check Pods Manifest.lock */,
				A20A9D311D94024800A475D6 /* Sources */,
				A20A9D321D94024800A475D6 /* Frameworks */,
				A20A9D331D94024800A475D6 /* Resources */,
				56CDD975006C72F648CE1493 /* [CP] Embed Pods Frameworks */,
				49F82CFB5A509722DD437B4C /* [CP] Copy Pods Resources */,
			);
			buildRules = (
			);
			dependencies = (
				A20A9D371D94024800A475D6 /* PBXTargetDependency */,
			);
			name = VBKitTests;
			productName = VBKitTests;
			productReference = A20A9D351D94024800A475D6 /* VBKitTests.xctest */;
			productType = "com.apple.product-type.bundle.unit-test";
		};
		A20A9D3F1D94024800A475D6 /* VBKitUITests */ = {
			isa = PBXNativeTarget;
			buildConfigurationList = A20A9D4F1D94024800A475D6 /* Build configuration list for PBXNativeTarget "VBKitUITests" */;
			buildPhases = (
				4E426B53A7A072AB08B3FFFD /* [CP] Check Pods Manifest.lock */,
				A20A9D3C1D94024800A475D6 /* Sources */,
				A20A9D3D1D94024800A475D6 /* Frameworks */,
				A20A9D3E1D94024800A475D6 /* Resources */,
				566E34CEEE1EB2EBD33D1A0D /* [CP] Copy Pods Resources */,
			);
			buildRules = (
			);
			dependencies = (
				A20A9D421D94024800A475D6 /* PBXTargetDependency */,
			);
			name = VBKitUITests;
			productName = VBKitUITests;
			productReference = A20A9D401D94024800A475D6 /* VBKitUITests.xctest */;
			productType = "com.apple.product-type.bundle.ui-testing";
		};
/* End PBXNativeTarget section */

/* Begin PBXProject section */
		A20A9D141D94024800A475D6 /* Project object */ = {
			isa = PBXProject;
			attributes = {
				LastUpgradeCheck = 0800;
				ORGANIZATIONNAME = VisionBao;
				TargetAttributes = {
					A20A9D1B1D94024800A475D6 = {
						CreatedOnToolsVersion = 8.0;
						ProvisioningStyle = Automatic;
					};
					A20A9D341D94024800A475D6 = {
						CreatedOnToolsVersion = 8.0;
						ProvisioningStyle = Automatic;
						TestTargetID = A20A9D1B1D94024800A475D6;
					};
					A20A9D3F1D94024800A475D6 = {
						CreatedOnToolsVersion = 8.0;
						ProvisioningStyle = Automatic;
						TestTargetID = A20A9D1B1D94024800A475D6;
					};
				};
			};
			buildConfigurationList = A20A9D171D94024800A475D6 /* Build configuration list for PBXProject "VBKit" */;
			compatibilityVersion = "Xcode 3.2";
			developmentRegion = English;
			hasScannedForEncodings = 0;
			knownRegions = (
				en,
				Base,
			);
			mainGroup = A20A9D131D94024800A475D6;
			productRefGroup = A20A9D1D1D94024800A475D6 /* Products */;
			projectDirPath = "";
			projectRoot = "";
			targets = (
				A20A9D1B1D94024800A475D6 /* VBKit */,
				A20A9D341D94024800A475D6 /* VBKitTests */,
				A20A9D3F1D94024800A475D6 /* VBKitUITests */,
			);
		};
/* End PBXProject section */

/* Begin PBXResourcesBuildPhase section */
		A20A9D1A1D94024800A475D6 /* Resources */ = {
			isa = PBXResourcesBuildPhase;
			buildActionMask = 2147483647;
			files = (
				A20A9D2F1D94024800A475D6 /* LaunchScreen.storyboard in Resources */,
				A2B1300E1D9451F2003F582A /* VBerror@2x.png in Resources */,
				A20A9D2C1D94024800A475D6 /* Assets.xcassets in Resources */,
				A2B1300F1D9451F2003F582A /* VBsuccess@2x.png in Resources */,
				A20A9D2A1D94024800A475D6 /* Main.storyboard in Resources */,
			);
			runOnlyForDeploymentPostprocessing = 0;
		};
		A20A9D331D94024800A475D6 /* Resources */ = {
			isa = PBXResourcesBuildPhase;
			buildActionMask = 2147483647;
			files = (
			);
			runOnlyForDeploymentPostprocessing = 0;
		};
		A20A9D3E1D94024800A475D6 /* Resources */ = {
			isa = PBXResourcesBuildPhase;
			buildActionMask = 2147483647;
			files = (
			);
			runOnlyForDeploymentPostprocessing = 0;
		};
/* End PBXResourcesBuildPhase section */

/* Begin PBXShellScriptBuildPhase section */
		27470BFEBF7647B94D57D64D /* [CP] Copy Pods Resources */ = {
			isa = PBXShellScriptBuildPhase;
			buildActionMask = 2147483647;
			files = (
			);
			inputPaths = (
			);
			name = "[CP] Copy Pods Resources";
			outputPaths = (
			);
			runOnlyForDeploymentPostprocessing = 0;
			shellPath = /bin/sh;
			shellScript = "\"${SRCROOT}/Pods/Target Support Files/Pods-VBKit/Pods-VBKit-resources.sh\"\n";
			showEnvVarsInLog = 0;
		};
		49F82CFB5A509722DD437B4C /* [CP] Copy Pods Resources */ = {
			isa = PBXShellScriptBuildPhase;
			buildActionMask = 2147483647;
			files = (
			);
			inputPaths = (
			);
			name = "[CP] Copy Pods Resources";
			outputPaths = (
			);
			runOnlyForDeploymentPostprocessing = 0;
			shellPath = /bin/sh;
			shellScript = "\"${SRCROOT}/Pods/Target Support Files/Pods-VBKitTests/Pods-VBKitTests-resources.sh\"\n";
			showEnvVarsInLog = 0;
		};
		4E426B53A7A072AB08B3FFFD /* [CP] Check Pods Manifest.lock */ = {
			isa = PBXShellScriptBuildPhase;
			buildActionMask = 2147483647;
			files = (
			);
			inputPaths = (
			);
			name = "[CP] Check Pods Manifest.lock";
			outputPaths = (
			);
			runOnlyForDeploymentPostprocessing = 0;
			shellPath = /bin/sh;
			shellScript = "diff \"${PODS_ROOT}/../Podfile.lock\" \"${PODS_ROOT}/Manifest.lock\" > /dev/null\nif [[ $? != 0 ]] ; then\n    cat << EOM\nerror: The sandbox is not in sync with the Podfile.lock. Run 'pod install' or update your CocoaPods installation.\nEOM\n    exit 1\nfi\n";
			showEnvVarsInLog = 0;
		};
		566E34CEEE1EB2EBD33D1A0D /* [CP] Copy Pods Resources */ = {
			isa = PBXShellScriptBuildPhase;
			buildActionMask = 2147483647;
			files = (
			);
			inputPaths = (
			);
			name = "[CP] Copy Pods Resources";
			outputPaths = (
			);
			runOnlyForDeploymentPostprocessing = 0;
			shellPath = /bin/sh;
			shellScript = "\"${SRCROOT}/Pods/Target Support Files/Pods-VBKitUITests/Pods-VBKitUITests-resources.sh\"\n";
			showEnvVarsInLog = 0;
		};
		56CDD975006C72F648CE1493 /* [CP] Embed Pods Frameworks */ = {
			isa = PBXShellScriptBuildPhase;
			buildActionMask = 2147483647;
			files = (
			);
			inputPaths = (
			);
			name = "[CP] Embed Pods Frameworks";
			outputPaths = (
			);
			runOnlyForDeploymentPostprocessing = 0;
			shellPath = /bin/sh;
			shellScript = "\"${SRCROOT}/Pods/Target Support Files/Pods-VBKitTests/Pods-VBKitTests-frameworks.sh\"\n";
			showEnvVarsInLog = 0;
		};
		8D7C80AB8C3C8EFC1A09F272 /* [CP] Check Pods Manifest.lock */ = {
			isa = PBXShellScriptBuildPhase;
			buildActionMask = 2147483647;
			files = (
			);
			inputPaths = (
			);
			name = "[CP] Check Pods Manifest.lock";
			outputPaths = (
			);
			runOnlyForDeploymentPostprocessing = 0;
			shellPath = /bin/sh;
			shellScript = "diff \"${PODS_ROOT}/../Podfile.lock\" \"${PODS_ROOT}/Manifest.lock\" > /dev/null\nif [[ $? != 0 ]] ; then\n    cat << EOM\nerror: The sandbox is not in sync with the Podfile.lock. Run 'pod install' or update your CocoaPods installation.\nEOM\n    exit 1\nfi\n";
			showEnvVarsInLog = 0;
		};
		9B413D6607A71D82B76D507B /* [CP] Check Pods Manifest.lock */ = {
			isa = PBXShellScriptBuildPhase;
			buildActionMask = 2147483647;
			files = (
			);
			inputPaths = (
			);
			name = "[CP] Check Pods Manifest.lock";
			outputPaths = (
			);
			runOnlyForDeploymentPostprocessing = 0;
			shellPath = /bin/sh;
			shellScript = "diff \"${PODS_ROOT}/../Podfile.lock\" \"${PODS_ROOT}/Manifest.lock\" > /dev/null\nif [[ $? != 0 ]] ; then\n    cat << EOM\nerror: The sandbox is not in sync with the Podfile.lock. Run 'pod install' or update your CocoaPods installation.\nEOM\n    exit 1\nfi\n";
			showEnvVarsInLog = 0;
		};
		C234173543159143060836A6 /* [CP] Embed Pods Frameworks */ = {
			isa = PBXShellScriptBuildPhase;
			buildActionMask = 2147483647;
			files = (
			);
			inputPaths = (
			);
			name = "[CP] Embed Pods Frameworks";
			outputPaths = (
			);
			runOnlyForDeploymentPostprocessing = 0;
			shellPath = /bin/sh;
			shellScript = "\"${SRCROOT}/Pods/Target Support Files/Pods-VBKit/Pods-VBKit-frameworks.sh\"\n";
			showEnvVarsInLog = 0;
		};
/* End PBXShellScriptBuildPhase section */

/* Begin PBXSourcesBuildPhase section */
		A20A9D181D94024800A475D6 /* Sources */ = {
			isa = PBXSourcesBuildPhase;
			buildActionMask = 2147483647;
			files = (
				A20A9DCB1D944FF800A475D6 /* VBDBManagerFactory.m in Sources */,
				A20A9D711D9403C800A475D6 /* VBNavigationBar.m in Sources */,
				A2B130121D94CA29003F582A /* VBAppDelegate.m in Sources */,
				A20A9D271D94024800A475D6 /* ViewController.m in Sources */,
				A20A9D761D9403C800A475D6 /* VBView.m in Sources */,
				A20A9D751D9403C800A475D6 /* VBTableViewCell.m in Sources */,
				A20A9D8C1D940D4400A475D6 /* UIColor+HEX.m in Sources */,
				A20A9DB01D944E4400A475D6 /* NSString+VBHash.m in Sources */,
				A20A9D6E1D9403C800A475D6 /* UIView+VBMotionEffect.m in Sources */,
				A20A9D741D9403C800A475D6 /* VBTableView.m in Sources */,
				A20A9D701D9403C800A475D6 /* VBObject.m in Sources */,
				A20A9DAB1D944E4400A475D6 /* VBFileConfig.m in Sources */,
				A2B1301E1D94CD15003F582A /* VBBaseTableViewController.m in Sources */,
				A20A9D731D9403C800A475D6 /* VBTabBarController.m in Sources */,
				A20A9D6F1D9403C800A475D6 /* VBLog.m in Sources */,
				A20A9DB41D944E4400A475D6 /* VBLocationManager.m in Sources */,
				A20A9DC71D944FF800A475D6 /* VBDBManager.m in Sources */,
				A20A9DC61D944FF800A475D6 /* VBConfigDBManager.mm in Sources */,
				A20A9DB21D944E4400A475D6 /* VBHTTPModels.m in Sources */,
				A20A9DAC1D944E4400A475D6 /* VBHTTPErrorManager.m in Sources */,
				A20A9D771D9403C800A475D6 /* VBViewController.m in Sources */,
				A20A9D211D94024800A475D6 /* main.m in Sources */,
				A20A9DC81D944FF800A475D6 /* VBFMEncryptDatabase.m in Sources */,
				A20A9DAF1D944E4400A475D6 /* NSString+VBBase64.m in Sources */,
				A2B130181D94CCD7003F582A /* VBBaseViewController.m in Sources */,
				A20A9DB31D944E4400A475D6 /* VBHttpUrlManager.m in Sources */,
				A20A9DAE1D944E4400A475D6 /* NSData+VBBase64.m in Sources */,
				A2B1300D1D9451F2003F582A /* VBAlertView.m in Sources */,
				A20A9DAD1D944E4400A475D6 /* VBHTTPManager.m in Sources */,
				A20A9DC91D944FF800A475D6 /* VBFMEncryptDatabaseQueue.m in Sources */,
				A20A9DAA1D944E4400A475D6 /* VBFileManager.m in Sources */,
				A20A9D721D9403C800A475D6 /* VBNavigationController.m in Sources */,
				A20A9DCA1D944FF800A475D6 /* VBFMEncryptHelper.m in Sources */,
				A20A9D891D940B3A00A475D6 /* VBColorManager.m in Sources */,
				A20A9DB11D944E4400A475D6 /* NSString+VBUrlEncode.m in Sources */,
			);
			runOnlyForDeploymentPostprocessing = 0;
		};
		A20A9D311D94024800A475D6 /* Sources */ = {
			isa = PBXSourcesBuildPhase;
			buildActionMask = 2147483647;
			files = (
				A20A9D3A1D94024800A475D6 /* VBKitTests.m in Sources */,
			);
			runOnlyForDeploymentPostprocessing = 0;
		};
		A20A9D3C1D94024800A475D6 /* Sources */ = {
			isa = PBXSourcesBuildPhase;
			buildActionMask = 2147483647;
			files = (
				A20A9D451D94024800A475D6 /* VBKitUITests.m in Sources */,
			);
			runOnlyForDeploymentPostprocessing = 0;
		};
/* End PBXSourcesBuildPhase section */

/* Begin PBXTargetDependency section */
		A20A9D371D94024800A475D6 /* PBXTargetDependency */ = {
			isa = PBXTargetDependency;
			target = A20A9D1B1D94024800A475D6 /* VBKit */;
			targetProxy = A20A9D361D94024800A475D6 /* PBXContainerItemProxy */;
		};
		A20A9D421D94024800A475D6 /* PBXTargetDependency */ = {
			isa = PBXTargetDependency;
			target = A20A9D1B1D94024800A475D6 /* VBKit */;
			targetProxy = A20A9D411D94024800A475D6 /* PBXContainerItemProxy */;
		};
/* End PBXTargetDependency section */

/* Begin PBXVariantGroup section */
		A20A9D281D94024800A475D6 /* Main.storyboard */ = {
			isa = PBXVariantGroup;
			children = (
				A20A9D291D94024800A475D6 /* Base */,
			);
			name = Main.storyboard;
			sourceTree = "<group>";
		};
		A20A9D2D1D94024800A475D6 /* LaunchScreen.storyboard */ = {
			isa = PBXVariantGroup;
			children = (
				A20A9D2E1D94024800A475D6 /* Base */,
			);
			name = LaunchScreen.storyboard;
			sourceTree = "<group>";
		};
/* End PBXVariantGroup section */

/* Begin XCBuildConfiguration section */
		A20A9D471D94024800A475D6 /* Debug */ = {
			isa = XCBuildConfiguration;
			buildSettings = {
				ALWAYS_SEARCH_USER_PATHS = NO;
				CLANG_ANALYZER_NONNULL = YES;
				CLANG_CXX_LANGUAGE_STANDARD = "gnu++0x";
				CLANG_CXX_LIBRARY = "libc++";
				CLANG_ENABLE_MODULES = YES;
				CLANG_ENABLE_OBJC_ARC = YES;
				CLANG_WARN_BOOL_CONVERSION = YES;
				CLANG_WARN_CONSTANT_CONVERSION = YES;
				CLANG_WARN_DIRECT_OBJC_ISA_USAGE = YES_ERROR;
				CLANG_WARN_DOCUMENTATION_COMMENTS = YES;
				CLANG_WARN_EMPTY_BODY = YES;
				CLANG_WARN_ENUM_CONVERSION = YES;
				CLANG_WARN_INFINITE_RECURSION = YES;
				CLANG_WARN_INT_CONVERSION = YES;
				CLANG_WARN_OBJC_ROOT_CLASS = YES_ERROR;
				CLANG_WARN_SUSPICIOUS_MOVES = YES;
				CLANG_WARN_UNREACHABLE_CODE = YES;
				CLANG_WARN__DUPLICATE_METHOD_MATCH = YES;
				"CODE_SIGN_IDENTITY[sdk=iphoneos*]" = "iPhone Developer";
				COPY_PHASE_STRIP = NO;
				DEBUG_INFORMATION_FORMAT = dwarf;
				ENABLE_STRICT_OBJC_MSGSEND = YES;
				ENABLE_TESTABILITY = YES;
				GCC_C_LANGUAGE_STANDARD = gnu99;
				GCC_DYNAMIC_NO_PIC = NO;
				GCC_NO_COMMON_BLOCKS = YES;
				GCC_OPTIMIZATION_LEVEL = 0;
				GCC_PREPROCESSOR_DEFINITIONS = (
					"DEBUG=1",
					"$(inherited)",
				);
				GCC_WARN_64_TO_32_BIT_CONVERSION = YES;
				GCC_WARN_ABOUT_RETURN_TYPE = YES_ERROR;
				GCC_WARN_UNDECLARED_SELECTOR = YES;
				GCC_WARN_UNINITIALIZED_AUTOS = YES_AGGRESSIVE;
				GCC_WARN_UNUSED_FUNCTION = YES;
				GCC_WARN_UNUSED_VARIABLE = YES;
				IPHONEOS_DEPLOYMENT_TARGET = 10.0;
				MTL_ENABLE_DEBUG_INFO = YES;
				ONLY_ACTIVE_ARCH = YES;
				SDKROOT = iphoneos;
				TARGETED_DEVICE_FAMILY = "1,2";
			};
			name = Debug;
		};
		A20A9D481D94024800A475D6 /* Release */ = {
			isa = XCBuildConfiguration;
			buildSettings = {
				ALWAYS_SEARCH_USER_PATHS = NO;
				CLANG_ANALYZER_NONNULL = YES;
				CLANG_CXX_LANGUAGE_STANDARD = "gnu++0x";
				CLANG_CXX_LIBRARY = "libc++";
				CLANG_ENABLE_MODULES = YES;
				CLANG_ENABLE_OBJC_ARC = YES;
				CLANG_WARN_BOOL_CONVERSION = YES;
				CLANG_WARN_CONSTANT_CONVERSION = YES;
				CLANG_WARN_DIRECT_OBJC_ISA_USAGE = YES_ERROR;
				CLANG_WARN_DOCUMENTATION_COMMENTS = YES;
				CLANG_WARN_EMPTY_BODY = YES;
				CLANG_WARN_ENUM_CONVERSION = YES;
				CLANG_WARN_INFINITE_RECURSION = YES;
				CLANG_WARN_INT_CONVERSION = YES;
				CLANG_WARN_OBJC_ROOT_CLASS = YES_ERROR;
				CLANG_WARN_SUSPICIOUS_MOVES = YES;
				CLANG_WARN_UNREACHABLE_CODE = YES;
				CLANG_WARN__DUPLICATE_METHOD_MATCH = YES;
				"CODE_SIGN_IDENTITY[sdk=iphoneos*]" = "iPhone Developer";
				COPY_PHASE_STRIP = NO;
				DEBUG_INFORMATION_FORMAT = "dwarf-with-dsym";
				ENABLE_NS_ASSERTIONS = NO;
				ENABLE_STRICT_OBJC_MSGSEND = YES;
				GCC_C_LANGUAGE_STANDARD = gnu99;
				GCC_NO_COMMON_BLOCKS = YES;
				GCC_WARN_64_TO_32_BIT_CONVERSION = YES;
				GCC_WARN_ABOUT_RETURN_TYPE = YES_ERROR;
				GCC_WARN_UNDECLARED_SELECTOR = YES;
				GCC_WARN_UNINITIALIZED_AUTOS = YES_AGGRESSIVE;
				GCC_WARN_UNUSED_FUNCTION = YES;
				GCC_WARN_UNUSED_VARIABLE = YES;
				IPHONEOS_DEPLOYMENT_TARGET = 10.0;
				MTL_ENABLE_DEBUG_INFO = NO;
				SDKROOT = iphoneos;
				TARGETED_DEVICE_FAMILY = "1,2";
				VALIDATE_PRODUCT = YES;
			};
			name = Release;
		};
		A20A9D4A1D94024800A475D6 /* Debug */ = {
			isa = XCBuildConfiguration;
			baseConfigurationReference = 2A3CBCAC22B065325D537BDF /* Pods-VBKit.debug.xcconfig */;
			buildSettings = {
				ASSETCATALOG_COMPILER_APPICON_NAME = AppIcon;
				GCC_PREFIX_HEADER = "$(SRCROOT)/VBKit/VBKit-Prefix.pch";
				INFOPLIST_FILE = VBKit/Info.plist;
				LD_RUNPATH_SEARCH_PATHS = "$(inherited) @executable_path/Frameworks";
				PRODUCT_BUNDLE_IDENTIFIER = com.VisionBao.VBKit;
				PRODUCT_NAME = "$(TARGET_NAME)";
			};
			name = Debug;
		};
		A20A9D4B1D94024800A475D6 /* Release */ = {
			isa = XCBuildConfiguration;
			baseConfigurationReference = 4DB09AAE8EAF8BBF52A97A52 /* Pods-VBKit.release.xcconfig */;
			buildSettings = {
				ASSETCATALOG_COMPILER_APPICON_NAME = AppIcon;
				GCC_PREFIX_HEADER = "$(SRCROOT)/VBKit/VBKit-Prefix.pch";
				INFOPLIST_FILE = VBKit/Info.plist;
				LD_RUNPATH_SEARCH_PATHS = "$(inherited) @executable_path/Frameworks";
				PRODUCT_BUNDLE_IDENTIFIER = com.VisionBao.VBKit;
				PRODUCT_NAME = "$(TARGET_NAME)";
			};
			name = Release;
		};
		A20A9D4D1D94024800A475D6 /* Debug */ = {
			isa = XCBuildConfiguration;
			baseConfigurationReference = ABF330CF990D6F8603BE6AFC /* Pods-VBKitTests.debug.xcconfig */;
			buildSettings = {
				BUNDLE_LOADER = "$(TEST_HOST)";
				INFOPLIST_FILE = VBKitTests/Info.plist;
				LD_RUNPATH_SEARCH_PATHS = "$(inherited) @executable_path/Frameworks @loader_path/Frameworks";
				PRODUCT_BUNDLE_IDENTIFIER = com.VisionBao.VBKitTests;
				PRODUCT_NAME = "$(TARGET_NAME)";
				TEST_HOST = "$(BUILT_PRODUCTS_DIR)/VBKit.app/VBKit";
			};
			name = Debug;
		};
		A20A9D4E1D94024800A475D6 /* Release */ = {
			isa = XCBuildConfiguration;
			baseConfigurationReference = 329B7835CD661D36C858488E /* Pods-VBKitTests.release.xcconfig */;
			buildSettings = {
				BUNDLE_LOADER = "$(TEST_HOST)";
				INFOPLIST_FILE = VBKitTests/Info.plist;
				LD_RUNPATH_SEARCH_PATHS = "$(inherited) @executable_path/Frameworks @loader_path/Frameworks";
				PRODUCT_BUNDLE_IDENTIFIER = com.VisionBao.VBKitTests;
				PRODUCT_NAME = "$(TARGET_NAME)";
				TEST_HOST = "$(BUILT_PRODUCTS_DIR)/VBKit.app/VBKit";
			};
			name = Release;
		};
		A20A9D501D94024800A475D6 /* Debug */ = {
			isa = XCBuildConfiguration;
			baseConfigurationReference = 9CF3199607366EF788394269 /* Pods-VBKitUITests.debug.xcconfig */;
			buildSettings = {
				INFOPLIST_FILE = VBKitUITests/Info.plist;
				LD_RUNPATH_SEARCH_PATHS = "$(inherited) @executable_path/Frameworks @loader_path/Frameworks";
				PRODUCT_BUNDLE_IDENTIFIER = com.VisionBao.VBKitUITests;
				PRODUCT_NAME = "$(TARGET_NAME)";
				TEST_TARGET_NAME = VBKit;
			};
			name = Debug;
		};
		A20A9D511D94024800A475D6 /* Release */ = {
			isa = XCBuildConfiguration;
			baseConfigurationReference = DADA70FD3B6954996BFFD016 /* Pods-VBKitUITests.release.xcconfig */;
			buildSettings = {
				INFOPLIST_FILE = VBKitUITests/Info.plist;
				LD_RUNPATH_SEARCH_PATHS = "$(inherited) @executable_path/Frameworks @loader_path/Frameworks";
				PRODUCT_BUNDLE_IDENTIFIER = com.VisionBao.VBKitUITests;
				PRODUCT_NAME = "$(TARGET_NAME)";
				TEST_TARGET_NAME = VBKit;
			};
			name = Release;
		};
/* End XCBuildConfiguration section */

/* Begin XCConfigurationList section */
		A20A9D171D94024800A475D6 /* Build configuration list for PBXProject "VBKit" */ = {
			isa = XCConfigurationList;
			buildConfigurations = (
				A20A9D471D94024800A475D6 /* Debug */,
				A20A9D481D94024800A475D6 /* Release */,
			);
			defaultConfigurationIsVisible = 0;
			defaultConfigurationName = Release;
		};
		A20A9D491D94024800A475D6 /* Build configuration list for PBXNativeTarget "VBKit" */ = {
			isa = XCConfigurationList;
			buildConfigurations = (
				A20A9D4A1D94024800A475D6 /* Debug */,
				A20A9D4B1D94024800A475D6 /* Release */,
			);
			defaultConfigurationIsVisible = 0;
			defaultConfigurationName = Release;
		};
		A20A9D4C1D94024800A475D6 /* Build configuration list for PBXNativeTarget "VBKitTests" */ = {
			isa = XCConfigurationList;
			buildConfigurations = (
				A20A9D4D1D94024800A475D6 /* Debug */,
				A20A9D4E1D94024800A475D6 /* Release */,
			);
			defaultConfigurationIsVisible = 0;
			defaultConfigurationName = Release;
		};
		A20A9D4F1D94024800A475D6 /* Build configuration list for PBXNativeTarget "VBKitUITests" */ = {
			isa = XCConfigurationList;
			buildConfigurations = (
				A20A9D501D94024800A475D6 /* Debug */,
				A20A9D511D94024800A475D6 /* Release */,
			);
			defaultConfigurationIsVisible = 0;
			defaultConfigurationName = Release;
		};
/* End XCConfigurationList section */
	};
	rootObject = A20A9D141D94024800A475D6 /* Project object */;
}
