// !$*UTF8*$!
{
	archiveVersion = 1;
	classes = {
	};
	objectVersion = 46;
	objects = {

/* Begin PBXBuildFile section */
		32B58E26735B6C9398FC1F7B /* libPods-VBKitExampleUITests.a in Frameworks */ = {isa = PBXBuildFile; fileRef = BD990CABE7CB0BD7A58F0689 /* libPods-VBKitExampleUITests.a */; };
		3BD0EDF1C923E805BD1F58A1 /* libPods-VBKitExampleTests.a in Frameworks */ = {isa = PBXBuildFile; fileRef = D1EFB9828145DD0AAE5C244A /* libPods-VBKitExampleTests.a */; };
		A20003361EB3171C00DB12AF /* UIColor+VBHEX.m in Sources */ = {isa = PBXBuildFile; fileRef = A20002D61EB3171C00DB12AF /* UIColor+VBHEX.m */; };
		A20003371EB3171C00DB12AF /* UIView+VBMotionEffect.m in Sources */ = {isa = PBXBuildFile; fileRef = A20002D81EB3171C00DB12AF /* UIView+VBMotionEffect.m */; };
		A20003381EB3171C00DB12AF /* VBLog.m in Sources */ = {isa = PBXBuildFile; fileRef = A20002DE1EB3171C00DB12AF /* VBLog.m */; };
		A20003391EB3171C00DB12AF /* VBObject.m in Sources */ = {isa = PBXBuildFile; fileRef = A20002E01EB3171C00DB12AF /* VBObject.m */; };
		A200033A1EB3171C00DB12AF /* VBRuntime.m in Sources */ = {isa = PBXBuildFile; fileRef = A20002E31EB3171C00DB12AF /* VBRuntime.m */; };
		A200033B1EB3171C00DB12AF /* VBConfigDBManager.m in Sources */ = {isa = PBXBuildFile; fileRef = A20002E81EB3171C00DB12AF /* VBConfigDBManager.m */; };
		A200033C1EB3171C00DB12AF /* VBDBManager.m in Sources */ = {isa = PBXBuildFile; fileRef = A20002EA1EB3171C00DB12AF /* VBDBManager.m */; };
		A200033D1EB3171C00DB12AF /* VBFMEncryptDatabase.m in Sources */ = {isa = PBXBuildFile; fileRef = A20002EE1EB3171C00DB12AF /* VBFMEncryptDatabase.m */; };
		A200033E1EB3171C00DB12AF /* VBFMEncryptDatabaseQueue.m in Sources */ = {isa = PBXBuildFile; fileRef = A20002F01EB3171C00DB12AF /* VBFMEncryptDatabaseQueue.m */; };
		A200033F1EB3171C00DB12AF /* VBFileManager.m in Sources */ = {isa = PBXBuildFile; fileRef = A20002F31EB3171C00DB12AF /* VBFileManager.m */; };
		A20003401EB3171C00DB12AF /* VBFileConfig.m in Sources */ = {isa = PBXBuildFile; fileRef = A20002F61EB3171C00DB12AF /* VBFileConfig.m */; };
		A20003411EB3171C00DB12AF /* VBHTTPCacheManager.m in Sources */ = {isa = PBXBuildFile; fileRef = A20002F81EB3171C00DB12AF /* VBHTTPCacheManager.m */; };
		A20003421EB3171C00DB12AF /* VBHTTPManager.m in Sources */ = {isa = PBXBuildFile; fileRef = A20002FA1EB3171C00DB12AF /* VBHTTPManager.m */; };
		A20003431EB3171C00DB12AF /* NSData+VBBase64.m in Sources */ = {isa = PBXBuildFile; fileRef = A20002FD1EB3171C00DB12AF /* NSData+VBBase64.m */; };
		A20003441EB3171C00DB12AF /* NSString+VBBase64.m in Sources */ = {isa = PBXBuildFile; fileRef = A20002FF1EB3171C00DB12AF /* NSString+VBBase64.m */; };
		A20003451EB3171C00DB12AF /* NSString+VBHash.m in Sources */ = {isa = PBXBuildFile; fileRef = A20003011EB3171C00DB12AF /* NSString+VBHash.m */; };
		A20003461EB3171C00DB12AF /* NSString+VBUrlEncode.m in Sources */ = {isa = PBXBuildFile; fileRef = A20003031EB3171C00DB12AF /* NSString+VBUrlEncode.m */; };
		A20003471EB3171C00DB12AF /* VBLocationManager.m in Sources */ = {isa = PBXBuildFile; fileRef = A20003071EB3171C00DB12AF /* VBLocationManager.m */; };
		A20003481EB3171C00DB12AF /* UIControl+VBAnalytics.m in Sources */ = {isa = PBXBuildFile; fileRef = A200030B1EB3171C00DB12AF /* UIControl+VBAnalytics.m */; };
		A20003491EB3171C00DB12AF /* UIViewController+VBAnalytics.m in Sources */ = {isa = PBXBuildFile; fileRef = A200030D1EB3171C00DB12AF /* UIViewController+VBAnalytics.m */; };
		A200034A1EB3171C00DB12AF /* VBAnalyticsHook.m in Sources */ = {isa = PBXBuildFile; fileRef = A200030F1EB3171C00DB12AF /* VBAnalyticsHook.m */; };
		A200034B1EB3171C00DB12AF /* VBUMengAnalyticsManager.m in Sources */ = {isa = PBXBuildFile; fileRef = A20003111EB3171C00DB12AF /* VBUMengAnalyticsManager.m */; };
		A200034C1EB3171C00DB12AF /* VB_Nav_Check@2x.png in Resources */ = {isa = PBXBuildFile; fileRef = A20003151EB3171C00DB12AF /* VB_Nav_Check@2x.png */; };
		A200034D1EB3171C00DB12AF /* VB_Nav_Close@2x.png in Resources */ = {isa = PBXBuildFile; fileRef = A20003161EB3171C00DB12AF /* VB_Nav_Close@2x.png */; };
		A200034E1EB3171C00DB12AF /* VB_Nav_Left@2x.png in Resources */ = {isa = PBXBuildFile; fileRef = A20003171EB3171C00DB12AF /* VB_Nav_Left@2x.png */; };
		A200034F1EB3171C00DB12AF /* VB_Nav_Right@2x.png in Resources */ = {isa = PBXBuildFile; fileRef = A20003181EB3171C00DB12AF /* VB_Nav_Right@2x.png */; };
		A20003501EB3171C00DB12AF /* VBNavigationBar.m in Sources */ = {isa = PBXBuildFile; fileRef = A200031A1EB3171C00DB12AF /* VBNavigationBar.m */; };
		A20003511EB3171C00DB12AF /* VBNavigationController.m in Sources */ = {isa = PBXBuildFile; fileRef = A200031C1EB3171C00DB12AF /* VBNavigationController.m */; };
		A20003521EB3171C00DB12AF /* VBTabBarController.m in Sources */ = {isa = PBXBuildFile; fileRef = A200031E1EB3171C00DB12AF /* VBTabBarController.m */; };
		A20003531EB3171C00DB12AF /* VBTableView.m in Sources */ = {isa = PBXBuildFile; fileRef = A20003201EB3171C00DB12AF /* VBTableView.m */; };
		A20003541EB3171C00DB12AF /* VBTableViewCell.m in Sources */ = {isa = PBXBuildFile; fileRef = A20003221EB3171C00DB12AF /* VBTableViewCell.m */; };
		A20003551EB3171C00DB12AF /* VBView.m in Sources */ = {isa = PBXBuildFile; fileRef = A20003241EB3171C00DB12AF /* VBView.m */; };
		A20003561EB3171C00DB12AF /* VBViewController.m in Sources */ = {isa = PBXBuildFile; fileRef = A20003261EB3171C00DB12AF /* VBViewController.m */; };
		A20003571EB3171C00DB12AF /* VBProgressComponent.m in Sources */ = {isa = PBXBuildFile; fileRef = A200032A1EB3171C00DB12AF /* VBProgressComponent.m */; };
		A20003581EB3171C00DB12AF /* UIAlertController+VBAlert.m in Sources */ = {isa = PBXBuildFile; fileRef = A200032E1EB3171C00DB12AF /* UIAlertController+VBAlert.m */; };
		A200035A1EB3171C00DB12AF /* VBerror@2x.png in Resources */ = {isa = PBXBuildFile; fileRef = A20003311EB3171C00DB12AF /* VBerror@2x.png */; };
		A200035B1EB3171C00DB12AF /* VBProgressHUD.m in Sources */ = {isa = PBXBuildFile; fileRef = A20003331EB3171C00DB12AF /* VBProgressHUD.m */; };
		A200035C1EB3171C00DB12AF /* VBsuccess@2x.png in Resources */ = {isa = PBXBuildFile; fileRef = A20003341EB3171C00DB12AF /* VBsuccess@2x.png */; };
		A20003651EB3180900DB12AF /* UIImage+VBCapture.m in Sources */ = {isa = PBXBuildFile; fileRef = A200035E1EB3180900DB12AF /* UIImage+VBCapture.m */; };
		A20003661EB3180900DB12AF /* UIImage+VBImage.m in Sources */ = {isa = PBXBuildFile; fileRef = A20003601EB3180900DB12AF /* UIImage+VBImage.m */; };
		A20003671EB3180900DB12AF /* UIImage+VBImageEffects.m in Sources */ = {isa = PBXBuildFile; fileRef = A20003621EB3180900DB12AF /* UIImage+VBImageEffects.m */; };
		A20003681EB3180900DB12AF /* UIWindow+VBHierarchy.m in Sources */ = {isa = PBXBuildFile; fileRef = A20003641EB3180900DB12AF /* UIWindow+VBHierarchy.m */; };
		A218D2CF1E6FAD7000EE2A78 /* (null) in Sources */ = {isa = PBXBuildFile; };
		A218D2D01E6FAD7000EE2A78 /* (null) in Sources */ = {isa = PBXBuildFile; };
		A218D2D11E6FAD7000EE2A78 /* (null) in Sources */ = {isa = PBXBuildFile; };
		A218D2D21E6FAD7000EE2A78 /* (null) in Sources */ = {isa = PBXBuildFile; };
		A242F0B81DD70E11009D0350 /* (null) in Sources */ = {isa = PBXBuildFile; };
		A242F0BB1DD70E65009D0350 /* (null) in Sources */ = {isa = PBXBuildFile; };
		A242F0BE1DD70E92009D0350 /* (null) in Sources */ = {isa = PBXBuildFile; };
		A242F0C11DD70EB8009D0350 /* (null) in Sources */ = {isa = PBXBuildFile; };
		A242F0C41DD70FDC009D0350 /* (null) in Sources */ = {isa = PBXBuildFile; };
		A242F0C71DD70FFE009D0350 /* (null) in Sources */ = {isa = PBXBuildFile; };
		A242F0CA1DD71026009D0350 /* (null) in Sources */ = {isa = PBXBuildFile; };
		A257E5AF1E6D3C2E00B8798D /* (null) in Sources */ = {isa = PBXBuildFile; };
		A25A48561DADCC3D007D6B66 /* main.m in Sources */ = {isa = PBXBuildFile; fileRef = A25A48551DADCC3D007D6B66 /* main.m */; };
		A25A48611DADCC3D007D6B66 /* Assets.xcassets in Resources */ = {isa = PBXBuildFile; fileRef = A25A48601DADCC3D007D6B66 /* Assets.xcassets */; };
		A25A48641DADCC3D007D6B66 /* LaunchScreen.storyboard in Resources */ = {isa = PBXBuildFile; fileRef = A25A48621DADCC3D007D6B66 /* LaunchScreen.storyboard */; };
		A25A486F1DADCC3D007D6B66 /* VBKitExampleTests.m in Sources */ = {isa = PBXBuildFile; fileRef = A25A486E1DADCC3D007D6B66 /* VBKitExampleTests.m */; };
		A25A487A1DADCC3D007D6B66 /* VBKitExampleUITests.m in Sources */ = {isa = PBXBuildFile; fileRef = A25A48791DADCC3D007D6B66 /* VBKitExampleUITests.m */; };
		A25A48921DADCCFB007D6B66 /* icon_cell_blue_normal@2x.png in Resources */ = {isa = PBXBuildFile; fileRef = A25A48871DADCCFB007D6B66 /* icon_cell_blue_normal@2x.png */; };
		A25A48931DADCCFB007D6B66 /* icon_message_normal@3x.png in Resources */ = {isa = PBXBuildFile; fileRef = A25A48881DADCCFB007D6B66 /* icon_message_normal@3x.png */; };
		A25A48941DADCCFB007D6B66 /* Icon-60@3x.png in Resources */ = {isa = PBXBuildFile; fileRef = A25A48891DADCCFB007D6B66 /* Icon-60@3x.png */; };
		A25A48951DADCCFB007D6B66 /* images.jpeg in Resources */ = {isa = PBXBuildFile; fileRef = A25A488A1DADCCFB007D6B66 /* images.jpeg */; };
		A25A48961DADCCFB007D6B66 /* VBAppDelegate.m in Sources */ = {isa = PBXBuildFile; fileRef = A25A488C1DADCCFB007D6B66 /* VBAppDelegate.m */; };
		A25A48981DADCCFB007D6B66 /* ViewController.m in Sources */ = {isa = PBXBuildFile; fileRef = A25A48911DADCCFB007D6B66 /* ViewController.m */; };
		A2F31A761E7157FB00C8354C /* (null) in Sources */ = {isa = PBXBuildFile; };
		A2F31A791E7157FB00C8354C /* (null) in Sources */ = {isa = PBXBuildFile; };
		A2F31A801E7157FB00C8354C /* (null) in Sources */ = {isa = PBXBuildFile; };
		A2F31A821E7157FB00C8354C /* (null) in Sources */ = {isa = PBXBuildFile; };
		A2F31A831E7157FB00C8354C /* (null) in Sources */ = {isa = PBXBuildFile; };
		A2F31A841E7157FB00C8354C /* (null) in Sources */ = {isa = PBXBuildFile; };
		A2F31A861E7157FB00C8354C /* (null) in Sources */ = {isa = PBXBuildFile; };
		A2F31A881E7157FB00C8354C /* (null) in Sources */ = {isa = PBXBuildFile; };
		A2F31A8C1E7157FB00C8354C /* (null) in Sources */ = {isa = PBXBuildFile; };
		A2F31A901E7157FB00C8354C /* (null) in Resources */ = {isa = PBXBuildFile; };
		A2F31A911E7157FB00C8354C /* (null) in Resources */ = {isa = PBXBuildFile; };
		A2F31A921E7157FB00C8354C /* (null) in Resources */ = {isa = PBXBuildFile; };
		A2F31A931E7157FB00C8354C /* (null) in Resources */ = {isa = PBXBuildFile; };
		A2F31A961E7157FB00C8354C /* (null) in Sources */ = {isa = PBXBuildFile; };
		A2F31A981E7157FB00C8354C /* (null) in Sources */ = {isa = PBXBuildFile; };
		A2F31A9B1E7157FB00C8354C /* (null) in Sources */ = {isa = PBXBuildFile; };
		A2F31A9C1E7157FB00C8354C /* (null) in Sources */ = {isa = PBXBuildFile; };
		A2F31A9D1E7157FB00C8354C /* (null) in Resources */ = {isa = PBXBuildFile; };
		A2F31A9F1E7157FB00C8354C /* (null) in Resources */ = {isa = PBXBuildFile; };
		A2FC5AC71E5EAC2400F934C5 /* CoreLocation.framework in Frameworks */ = {isa = PBXBuildFile; fileRef = A2FC5AC61E5EAC2400F934C5 /* CoreLocation.framework */; };
		F90C515D07D141B281B09D26 /* libPods-VBKitExample.a in Frameworks */ = {isa = PBXBuildFile; fileRef = 07E9E16C77F4CAA8440EF910 /* libPods-VBKitExample.a */; };
/* End PBXBuildFile section */

/* Begin PBXContainerItemProxy section */
		A25A486B1DADCC3D007D6B66 /* PBXContainerItemProxy */ = {
			isa = PBXContainerItemProxy;
			containerPortal = A25A48491DADCC3D007D6B66 /* Project object */;
			proxyType = 1;
			remoteGlobalIDString = A25A48501DADCC3D007D6B66;
			remoteInfo = VBKitExample;
		};
		A25A48761DADCC3D007D6B66 /* PBXContainerItemProxy */ = {
			isa = PBXContainerItemProxy;
			containerPortal = A25A48491DADCC3D007D6B66 /* Project object */;
			proxyType = 1;
			remoteGlobalIDString = A25A48501DADCC3D007D6B66;
			remoteInfo = VBKitExample;
		};
/* End PBXContainerItemProxy section */

/* Begin PBXFileReference section */
		004D410211A2615F89446D17 /* Pods-VBKitExampleUITests.release.xcconfig */ = {isa = PBXFileReference; includeInIndex = 1; lastKnownFileType = text.xcconfig; name = "Pods-VBKitExampleUITests.release.xcconfig"; path = "Pods/Target Support Files/Pods-VBKitExampleUITests/Pods-VBKitExampleUITests.release.xcconfig"; sourceTree = "<group>"; };
		07E9E16C77F4CAA8440EF910 /* libPods-VBKitExample.a */ = {isa = PBXFileReference; explicitFileType = archive.ar; includeInIndex = 0; path = "libPods-VBKitExample.a"; sourceTree = BUILT_PRODUCTS_DIR; };
		2C3664E27E0674F7C8ACE019 /* Pods-VBKitExample.release.xcconfig */ = {isa = PBXFileReference; includeInIndex = 1; lastKnownFileType = text.xcconfig; name = "Pods-VBKitExample.release.xcconfig"; path = "Pods/Target Support Files/Pods-VBKitExample/Pods-VBKitExample.release.xcconfig"; sourceTree = "<group>"; };
		3DEDA5A3B0843B5287CFB66B /* Pods-VBKitExampleTests.debug.xcconfig */ = {isa = PBXFileReference; includeInIndex = 1; lastKnownFileType = text.xcconfig; name = "Pods-VBKitExampleTests.debug.xcconfig"; path = "Pods/Target Support Files/Pods-VBKitExampleTests/Pods-VBKitExampleTests.debug.xcconfig"; sourceTree = "<group>"; };
		47967553EB3D82947BB41006 /* Pods-VBKitExampleUITests.debug.xcconfig */ = {isa = PBXFileReference; includeInIndex = 1; lastKnownFileType = text.xcconfig; name = "Pods-VBKitExampleUITests.debug.xcconfig"; path = "Pods/Target Support Files/Pods-VBKitExampleUITests/Pods-VBKitExampleUITests.debug.xcconfig"; sourceTree = "<group>"; };
		484F459FB632EBEB75019962 /* Pods-VBKitExampleTests.release.xcconfig */ = {isa = PBXFileReference; includeInIndex = 1; lastKnownFileType = text.xcconfig; name = "Pods-VBKitExampleTests.release.xcconfig"; path = "Pods/Target Support Files/Pods-VBKitExampleTests/Pods-VBKitExampleTests.release.xcconfig"; sourceTree = "<group>"; };
		4CFF7A4379C7AB3288169584 /* Pods-VBKitExample.debug.xcconfig */ = {isa = PBXFileReference; includeInIndex = 1; lastKnownFileType = text.xcconfig; name = "Pods-VBKitExample.debug.xcconfig"; path = "Pods/Target Support Files/Pods-VBKitExample/Pods-VBKitExample.debug.xcconfig"; sourceTree = "<group>"; };
		A20002D51EB3171C00DB12AF /* UIColor+VBHEX.h */ = {isa = PBXFileReference; fileEncoding = 4; lastKnownFileType = sourcecode.c.h; path = "UIColor+VBHEX.h"; sourceTree = "<group>"; };
		A20002D61EB3171C00DB12AF /* UIColor+VBHEX.m */ = {isa = PBXFileReference; fileEncoding = 4; lastKnownFileType = sourcecode.c.objc; path = "UIColor+VBHEX.m"; sourceTree = "<group>"; };
		A20002D71EB3171C00DB12AF /* UIView+VBMotionEffect.h */ = {isa = PBXFileReference; fileEncoding = 4; lastKnownFileType = sourcecode.c.h; path = "UIView+VBMotionEffect.h"; sourceTree = "<group>"; };
		A20002D81EB3171C00DB12AF /* UIView+VBMotionEffect.m */ = {isa = PBXFileReference; fileEncoding = 4; lastKnownFileType = sourcecode.c.objc; path = "UIView+VBMotionEffect.m"; sourceTree = "<group>"; };
		A20002D91EB3171C00DB12AF /* VBCategories.h */ = {isa = PBXFileReference; fileEncoding = 4; lastKnownFileType = sourcecode.c.h; path = VBCategories.h; sourceTree = "<group>"; };
		A20002DA1EB3171C00DB12AF /* VBConstants.h */ = {isa = PBXFileReference; fileEncoding = 4; lastKnownFileType = sourcecode.c.h; path = VBConstants.h; sourceTree = "<group>"; };
		A20002DC1EB3171C00DB12AF /* VBFoundation.h */ = {isa = PBXFileReference; fileEncoding = 4; lastKnownFileType = sourcecode.c.h; path = VBFoundation.h; sourceTree = "<group>"; };
		A20002DD1EB3171C00DB12AF /* VBLog.h */ = {isa = PBXFileReference; fileEncoding = 4; lastKnownFileType = sourcecode.c.h; path = VBLog.h; sourceTree = "<group>"; };
		A20002DE1EB3171C00DB12AF /* VBLog.m */ = {isa = PBXFileReference; fileEncoding = 4; lastKnownFileType = sourcecode.c.objc; path = VBLog.m; sourceTree = "<group>"; };
		A20002DF1EB3171C00DB12AF /* VBObject.h */ = {isa = PBXFileReference; fileEncoding = 4; lastKnownFileType = sourcecode.c.h; path = VBObject.h; sourceTree = "<group>"; };
		A20002E01EB3171C00DB12AF /* VBObject.m */ = {isa = PBXFileReference; fileEncoding = 4; lastKnownFileType = sourcecode.c.objc; path = VBObject.m; sourceTree = "<group>"; };
		A20002E21EB3171C00DB12AF /* VBRuntime.h */ = {isa = PBXFileReference; fileEncoding = 4; lastKnownFileType = sourcecode.c.h; path = VBRuntime.h; sourceTree = "<group>"; };
		A20002E31EB3171C00DB12AF /* VBRuntime.m */ = {isa = PBXFileReference; fileEncoding = 4; lastKnownFileType = sourcecode.c.objc; path = VBRuntime.m; sourceTree = "<group>"; };
		A20002E41EB3171C00DB12AF /* VBKit.h */ = {isa = PBXFileReference; fileEncoding = 4; lastKnownFileType = sourcecode.c.h; path = VBKit.h; sourceTree = "<group>"; };
		A20002E71EB3171C00DB12AF /* VBConfigDBManager.h */ = {isa = PBXFileReference; fileEncoding = 4; lastKnownFileType = sourcecode.c.h; path = VBConfigDBManager.h; sourceTree = "<group>"; };
		A20002E81EB3171C00DB12AF /* VBConfigDBManager.m */ = {isa = PBXFileReference; fileEncoding = 4; lastKnownFileType = sourcecode.c.objc; path = VBConfigDBManager.m; sourceTree = "<group>"; };
		A20002E91EB3171C00DB12AF /* VBDBManager.h */ = {isa = PBXFileReference; fileEncoding = 4; lastKnownFileType = sourcecode.c.h; path = VBDBManager.h; sourceTree = "<group>"; };
		A20002EA1EB3171C00DB12AF /* VBDBManager.m */ = {isa = PBXFileReference; fileEncoding = 4; lastKnownFileType = sourcecode.c.objc; path = VBDBManager.m; sourceTree = "<group>"; };
		A20002EC1EB3171C00DB12AF /* VBFMDBEncrypt.h */ = {isa = PBXFileReference; fileEncoding = 4; lastKnownFileType = sourcecode.c.h; path = VBFMDBEncrypt.h; sourceTree = "<group>"; };
		A20002ED1EB3171C00DB12AF /* VBFMEncryptDatabase.h */ = {isa = PBXFileReference; fileEncoding = 4; lastKnownFileType = sourcecode.c.h; path = VBFMEncryptDatabase.h; sourceTree = "<group>"; };
		A20002EE1EB3171C00DB12AF /* VBFMEncryptDatabase.m */ = {isa = PBXFileReference; fileEncoding = 4; lastKnownFileType = sourcecode.c.objc; path = VBFMEncryptDatabase.m; sourceTree = "<group>"; };
		A20002EF1EB3171C00DB12AF /* VBFMEncryptDatabaseQueue.h */ = {isa = PBXFileReference; fileEncoding = 4; lastKnownFileType = sourcecode.c.h; path = VBFMEncryptDatabaseQueue.h; sourceTree = "<group>"; };
		A20002F01EB3171C00DB12AF /* VBFMEncryptDatabaseQueue.m */ = {isa = PBXFileReference; fileEncoding = 4; lastKnownFileType = sourcecode.c.objc; path = VBFMEncryptDatabaseQueue.m; sourceTree = "<group>"; };
		A20002F21EB3171C00DB12AF /* VBFileManager.h */ = {isa = PBXFileReference; fileEncoding = 4; lastKnownFileType = sourcecode.c.h; path = VBFileManager.h; sourceTree = "<group>"; };
		A20002F31EB3171C00DB12AF /* VBFileManager.m */ = {isa = PBXFileReference; fileEncoding = 4; lastKnownFileType = sourcecode.c.objc; path = VBFileManager.m; sourceTree = "<group>"; };
		A20002F51EB3171C00DB12AF /* VBFileConfig.h */ = {isa = PBXFileReference; fileEncoding = 4; lastKnownFileType = sourcecode.c.h; path = VBFileConfig.h; sourceTree = "<group>"; };
		A20002F61EB3171C00DB12AF /* VBFileConfig.m */ = {isa = PBXFileReference; fileEncoding = 4; lastKnownFileType = sourcecode.c.objc; path = VBFileConfig.m; sourceTree = "<group>"; };
		A20002F71EB3171C00DB12AF /* VBHTTPCacheManager.h */ = {isa = PBXFileReference; fileEncoding = 4; lastKnownFileType = sourcecode.c.h; path = VBHTTPCacheManager.h; sourceTree = "<group>"; };
		A20002F81EB3171C00DB12AF /* VBHTTPCacheManager.m */ = {isa = PBXFileReference; fileEncoding = 4; lastKnownFileType = sourcecode.c.objc; path = VBHTTPCacheManager.m; sourceTree = "<group>"; };
		A20002F91EB3171C00DB12AF /* VBHTTPManager.h */ = {isa = PBXFileReference; fileEncoding = 4; lastKnownFileType = sourcecode.c.h; path = VBHTTPManager.h; sourceTree = "<group>"; };
		A20002FA1EB3171C00DB12AF /* VBHTTPManager.m */ = {isa = PBXFileReference; fileEncoding = 4; lastKnownFileType = sourcecode.c.objc; path = VBHTTPManager.m; sourceTree = "<group>"; };
		A20002FC1EB3171C00DB12AF /* NSData+VBBase64.h */ = {isa = PBXFileReference; fileEncoding = 4; lastKnownFileType = sourcecode.c.h; path = "NSData+VBBase64.h"; sourceTree = "<group>"; };
		A20002FD1EB3171C00DB12AF /* NSData+VBBase64.m */ = {isa = PBXFileReference; fileEncoding = 4; lastKnownFileType = sourcecode.c.objc; path = "NSData+VBBase64.m"; sourceTree = "<group>"; };
		A20002FE1EB3171C00DB12AF /* NSString+VBBase64.h */ = {isa = PBXFileReference; fileEncoding = 4; lastKnownFileType = sourcecode.c.h; path = "NSString+VBBase64.h"; sourceTree = "<group>"; };
		A20002FF1EB3171C00DB12AF /* NSString+VBBase64.m */ = {isa = PBXFileReference; fileEncoding = 4; lastKnownFileType = sourcecode.c.objc; path = "NSString+VBBase64.m"; sourceTree = "<group>"; };
		A20003001EB3171C00DB12AF /* NSString+VBHash.h */ = {isa = PBXFileReference; fileEncoding = 4; lastKnownFileType = sourcecode.c.h; path = "NSString+VBHash.h"; sourceTree = "<group>"; };
		A20003011EB3171C00DB12AF /* NSString+VBHash.m */ = {isa = PBXFileReference; fileEncoding = 4; lastKnownFileType = sourcecode.c.objc; path = "NSString+VBHash.m"; sourceTree = "<group>"; };
		A20003021EB3171C00DB12AF /* NSString+VBUrlEncode.h */ = {isa = PBXFileReference; fileEncoding = 4; lastKnownFileType = sourcecode.c.h; path = "NSString+VBUrlEncode.h"; sourceTree = "<group>"; };
		A20003031EB3171C00DB12AF /* NSString+VBUrlEncode.m */ = {isa = PBXFileReference; fileEncoding = 4; lastKnownFileType = sourcecode.c.objc; path = "NSString+VBUrlEncode.m"; sourceTree = "<group>"; };
		A20003041EB3171C00DB12AF /* VBHTTPTools.h */ = {isa = PBXFileReference; fileEncoding = 4; lastKnownFileType = sourcecode.c.h; path = VBHTTPTools.h; sourceTree = "<group>"; };
		A20003061EB3171C00DB12AF /* VBLocationManager.h */ = {isa = PBXFileReference; fileEncoding = 4; lastKnownFileType = sourcecode.c.h; path = VBLocationManager.h; sourceTree = "<group>"; };
		A20003071EB3171C00DB12AF /* VBLocationManager.m */ = {isa = PBXFileReference; fileEncoding = 4; lastKnownFileType = sourcecode.c.objc; path = VBLocationManager.m; sourceTree = "<group>"; };
		A20003081EB3171C00DB12AF /* VBManagers.h */ = {isa = PBXFileReference; fileEncoding = 4; lastKnownFileType = sourcecode.c.h; path = VBManagers.h; sourceTree = "<group>"; };
		A200030A1EB3171C00DB12AF /* UIControl+VBAnalytics.h */ = {isa = PBXFileReference; fileEncoding = 4; lastKnownFileType = sourcecode.c.h; path = "UIControl+VBAnalytics.h"; sourceTree = "<group>"; };
		A200030B1EB3171C00DB12AF /* UIControl+VBAnalytics.m */ = {isa = PBXFileReference; fileEncoding = 4; lastKnownFileType = sourcecode.c.objc; path = "UIControl+VBAnalytics.m"; sourceTree = "<group>"; };
		A200030C1EB3171C00DB12AF /* UIViewController+VBAnalytics.h */ = {isa = PBXFileReference; fileEncoding = 4; lastKnownFileType = sourcecode.c.h; path = "UIViewController+VBAnalytics.h"; sourceTree = "<group>"; };
		A200030D1EB3171C00DB12AF /* UIViewController+VBAnalytics.m */ = {isa = PBXFileReference; fileEncoding = 4; lastKnownFileType = sourcecode.c.objc; path = "UIViewController+VBAnalytics.m"; sourceTree = "<group>"; };
		A200030E1EB3171C00DB12AF /* VBAnalyticsHook.h */ = {isa = PBXFileReference; fileEncoding = 4; lastKnownFileType = sourcecode.c.h; path = VBAnalyticsHook.h; sourceTree = "<group>"; };
		A200030F1EB3171C00DB12AF /* VBAnalyticsHook.m */ = {isa = PBXFileReference; fileEncoding = 4; lastKnownFileType = sourcecode.c.objc; path = VBAnalyticsHook.m; sourceTree = "<group>"; };
		A20003101EB3171C00DB12AF /* VBUMengAnalyticsManager.h */ = {isa = PBXFileReference; fileEncoding = 4; lastKnownFileType = sourcecode.c.h; path = VBUMengAnalyticsManager.h; sourceTree = "<group>"; };
		A20003111EB3171C00DB12AF /* VBUMengAnalyticsManager.m */ = {isa = PBXFileReference; fileEncoding = 4; lastKnownFileType = sourcecode.c.objc; path = VBUMengAnalyticsManager.m; sourceTree = "<group>"; };
		A20003151EB3171C00DB12AF /* VB_Nav_Check@2x.png */ = {isa = PBXFileReference; lastKnownFileType = image.png; path = "VB_Nav_Check@2x.png"; sourceTree = "<group>"; };
		A20003161EB3171C00DB12AF /* VB_Nav_Close@2x.png */ = {isa = PBXFileReference; lastKnownFileType = image.png; path = "VB_Nav_Close@2x.png"; sourceTree = "<group>"; };
		A20003171EB3171C00DB12AF /* VB_Nav_Left@2x.png */ = {isa = PBXFileReference; lastKnownFileType = image.png; path = "VB_Nav_Left@2x.png"; sourceTree = "<group>"; };
		A20003181EB3171C00DB12AF /* VB_Nav_Right@2x.png */ = {isa = PBXFileReference; lastKnownFileType = image.png; path = "VB_Nav_Right@2x.png"; sourceTree = "<group>"; };
		A20003191EB3171C00DB12AF /* VBNavigationBar.h */ = {isa = PBXFileReference; fileEncoding = 4; lastKnownFileType = sourcecode.c.h; path = VBNavigationBar.h; sourceTree = "<group>"; };
		A200031A1EB3171C00DB12AF /* VBNavigationBar.m */ = {isa = PBXFileReference; fileEncoding = 4; lastKnownFileType = sourcecode.c.objc; path = VBNavigationBar.m; sourceTree = "<group>"; };
		A200031B1EB3171C00DB12AF /* VBNavigationController.h */ = {isa = PBXFileReference; fileEncoding = 4; lastKnownFileType = sourcecode.c.h; path = VBNavigationController.h; sourceTree = "<group>"; };
		A200031C1EB3171C00DB12AF /* VBNavigationController.m */ = {isa = PBXFileReference; fileEncoding = 4; lastKnownFileType = sourcecode.c.objc; path = VBNavigationController.m; sourceTree = "<group>"; };
		A200031D1EB3171C00DB12AF /* VBTabBarController.h */ = {isa = PBXFileReference; fileEncoding = 4; lastKnownFileType = sourcecode.c.h; path = VBTabBarController.h; sourceTree = "<group>"; };
		A200031E1EB3171C00DB12AF /* VBTabBarController.m */ = {isa = PBXFileReference; fileEncoding = 4; lastKnownFileType = sourcecode.c.objc; path = VBTabBarController.m; sourceTree = "<group>"; };
		A200031F1EB3171C00DB12AF /* VBTableView.h */ = {isa = PBXFileReference; fileEncoding = 4; lastKnownFileType = sourcecode.c.h; path = VBTableView.h; sourceTree = "<group>"; };
		A20003201EB3171C00DB12AF /* VBTableView.m */ = {isa = PBXFileReference; fileEncoding = 4; lastKnownFileType = sourcecode.c.objc; path = VBTableView.m; sourceTree = "<group>"; };
		A20003211EB3171C00DB12AF /* VBTableViewCell.h */ = {isa = PBXFileReference; fileEncoding = 4; lastKnownFileType = sourcecode.c.h; path = VBTableViewCell.h; sourceTree = "<group>"; };
		A20003221EB3171C00DB12AF /* VBTableViewCell.m */ = {isa = PBXFileReference; fileEncoding = 4; lastKnownFileType = sourcecode.c.objc; path = VBTableViewCell.m; sourceTree = "<group>"; };
		A20003231EB3171C00DB12AF /* VBView.h */ = {isa = PBXFileReference; fileEncoding = 4; lastKnownFileType = sourcecode.c.h; path = VBView.h; sourceTree = "<group>"; };
		A20003241EB3171C00DB12AF /* VBView.m */ = {isa = PBXFileReference; fileEncoding = 4; lastKnownFileType = sourcecode.c.objc; path = VBView.m; sourceTree = "<group>"; };
		A20003251EB3171C00DB12AF /* VBViewController.h */ = {isa = PBXFileReference; fileEncoding = 4; lastKnownFileType = sourcecode.c.h; path = VBViewController.h; sourceTree = "<group>"; };
		A20003261EB3171C00DB12AF /* VBViewController.m */ = {isa = PBXFileReference; fileEncoding = 4; lastKnownFileType = sourcecode.c.objc; path = VBViewController.m; sourceTree = "<group>"; };
		A20003291EB3171C00DB12AF /* VBProgressComponent.h */ = {isa = PBXFileReference; fileEncoding = 4; lastKnownFileType = sourcecode.c.h; path = VBProgressComponent.h; sourceTree = "<group>"; };
		A200032A1EB3171C00DB12AF /* VBProgressComponent.m */ = {isa = PBXFileReference; fileEncoding = 4; lastKnownFileType = sourcecode.c.objc; path = VBProgressComponent.m; sourceTree = "<group>"; };
		A200032B1EB3171C00DB12AF /* VBProgressDelegate.h */ = {isa = PBXFileReference; fileEncoding = 4; lastKnownFileType = sourcecode.c.h; path = VBProgressDelegate.h; sourceTree = "<group>"; };
		A200032D1EB3171C00DB12AF /* UIAlertController+VBAlert.h */ = {isa = PBXFileReference; fileEncoding = 4; lastKnownFileType = sourcecode.c.h; path = "UIAlertController+VBAlert.h"; sourceTree = "<group>"; };
		A200032E1EB3171C00DB12AF /* UIAlertController+VBAlert.m */ = {isa = PBXFileReference; fileEncoding = 4; lastKnownFileType = sourcecode.c.objc; path = "UIAlertController+VBAlert.m"; sourceTree = "<group>"; };
		A20003311EB3171C00DB12AF /* VBerror@2x.png */ = {isa = PBXFileReference; lastKnownFileType = image.png; path = "VBerror@2x.png"; sourceTree = "<group>"; };
		A20003321EB3171C00DB12AF /* VBProgressHUD.h */ = {isa = PBXFileReference; fileEncoding = 4; lastKnownFileType = sourcecode.c.h; path = VBProgressHUD.h; sourceTree = "<group>"; };
		A20003331EB3171C00DB12AF /* VBProgressHUD.m */ = {isa = PBXFileReference; fileEncoding = 4; lastKnownFileType = sourcecode.c.objc; path = VBProgressHUD.m; sourceTree = "<group>"; };
		A20003341EB3171C00DB12AF /* VBsuccess@2x.png */ = {isa = PBXFileReference; lastKnownFileType = image.png; path = "VBsuccess@2x.png"; sourceTree = "<group>"; };
		A20003351EB3171C00DB12AF /* VBUI.h */ = {isa = PBXFileReference; fileEncoding = 4; lastKnownFileType = sourcecode.c.h; path = VBUI.h; sourceTree = "<group>"; };
		A200035D1EB3180900DB12AF /* UIImage+VBCapture.h */ = {isa = PBXFileReference; fileEncoding = 4; lastKnownFileType = sourcecode.c.h; path = "UIImage+VBCapture.h"; sourceTree = "<group>"; };
		A200035E1EB3180900DB12AF /* UIImage+VBCapture.m */ = {isa = PBXFileReference; fileEncoding = 4; lastKnownFileType = sourcecode.c.objc; path = "UIImage+VBCapture.m"; sourceTree = "<group>"; };
		A200035F1EB3180900DB12AF /* UIImage+VBImage.h */ = {isa = PBXFileReference; fileEncoding = 4; lastKnownFileType = sourcecode.c.h; path = "UIImage+VBImage.h"; sourceTree = "<group>"; };
		A20003601EB3180900DB12AF /* UIImage+VBImage.m */ = {isa = PBXFileReference; fileEncoding = 4; lastKnownFileType = sourcecode.c.objc; path = "UIImage+VBImage.m"; sourceTree = "<group>"; };
		A20003611EB3180900DB12AF /* UIImage+VBImageEffects.h */ = {isa = PBXFileReference; fileEncoding = 4; lastKnownFileType = sourcecode.c.h; path = "UIImage+VBImageEffects.h"; sourceTree = "<group>"; };
		A20003621EB3180900DB12AF /* UIImage+VBImageEffects.m */ = {isa = PBXFileReference; fileEncoding = 4; lastKnownFileType = sourcecode.c.objc; path = "UIImage+VBImageEffects.m"; sourceTree = "<group>"; };
		A20003631EB3180900DB12AF /* UIWindow+VBHierarchy.h */ = {isa = PBXFileReference; fileEncoding = 4; lastKnownFileType = sourcecode.c.h; path = "UIWindow+VBHierarchy.h"; sourceTree = "<group>"; };
		A20003641EB3180900DB12AF /* UIWindow+VBHierarchy.m */ = {isa = PBXFileReference; fileEncoding = 4; lastKnownFileType = sourcecode.c.objc; path = "UIWindow+VBHierarchy.m"; sourceTree = "<group>"; };
		A25A48511DADCC3D007D6B66 /* VBKitExample.app */ = {isa = PBXFileReference; explicitFileType = wrapper.application; includeInIndex = 0; path = VBKitExample.app; sourceTree = BUILT_PRODUCTS_DIR; };
		A25A48551DADCC3D007D6B66 /* main.m */ = {isa = PBXFileReference; lastKnownFileType = sourcecode.c.objc; path = main.m; sourceTree = "<group>"; };
		A25A48601DADCC3D007D6B66 /* Assets.xcassets */ = {isa = PBXFileReference; lastKnownFileType = folder.assetcatalog; path = Assets.xcassets; sourceTree = "<group>"; };
		A25A48631DADCC3D007D6B66 /* Base */ = {isa = PBXFileReference; lastKnownFileType = file.storyboard; name = Base; path = Base.lproj/LaunchScreen.storyboard; sourceTree = "<group>"; };
		A25A48651DADCC3D007D6B66 /* Info.plist */ = {isa = PBXFileReference; lastKnownFileType = text.plist.xml; path = Info.plist; sourceTree = "<group>"; };
		A25A486A1DADCC3D007D6B66 /* VBKitExampleTests.xctest */ = {isa = PBXFileReference; explicitFileType = wrapper.cfbundle; includeInIndex = 0; path = VBKitExampleTests.xctest; sourceTree = BUILT_PRODUCTS_DIR; };
		A25A486E1DADCC3D007D6B66 /* VBKitExampleTests.m */ = {isa = PBXFileReference; lastKnownFileType = sourcecode.c.objc; path = VBKitExampleTests.m; sourceTree = "<group>"; };
		A25A48701DADCC3D007D6B66 /* Info.plist */ = {isa = PBXFileReference; lastKnownFileType = text.plist.xml; path = Info.plist; sourceTree = "<group>"; };
		A25A48751DADCC3D007D6B66 /* VBKitExampleUITests.xctest */ = {isa = PBXFileReference; explicitFileType = wrapper.cfbundle; includeInIndex = 0; path = VBKitExampleUITests.xctest; sourceTree = BUILT_PRODUCTS_DIR; };
		A25A48791DADCC3D007D6B66 /* VBKitExampleUITests.m */ = {isa = PBXFileReference; lastKnownFileType = sourcecode.c.objc; path = VBKitExampleUITests.m; sourceTree = "<group>"; };
		A25A487B1DADCC3D007D6B66 /* Info.plist */ = {isa = PBXFileReference; lastKnownFileType = text.plist.xml; path = Info.plist; sourceTree = "<group>"; };
		A25A48871DADCCFB007D6B66 /* icon_cell_blue_normal@2x.png */ = {isa = PBXFileReference; lastKnownFileType = image.png; path = "icon_cell_blue_normal@2x.png"; sourceTree = "<group>"; };
		A25A48881DADCCFB007D6B66 /* icon_message_normal@3x.png */ = {isa = PBXFileReference; lastKnownFileType = image.png; path = "icon_message_normal@3x.png"; sourceTree = "<group>"; };
		A25A48891DADCCFB007D6B66 /* Icon-60@3x.png */ = {isa = PBXFileReference; lastKnownFileType = image.png; path = "Icon-60@3x.png"; sourceTree = "<group>"; };
		A25A488A1DADCCFB007D6B66 /* images.jpeg */ = {isa = PBXFileReference; lastKnownFileType = image.jpeg; path = images.jpeg; sourceTree = "<group>"; };
		A25A488B1DADCCFB007D6B66 /* VBAppDelegate.h */ = {isa = PBXFileReference; fileEncoding = 4; lastKnownFileType = sourcecode.c.h; path = VBAppDelegate.h; sourceTree = "<group>"; };
		A25A488C1DADCCFB007D6B66 /* VBAppDelegate.m */ = {isa = PBXFileReference; fileEncoding = 4; lastKnownFileType = sourcecode.c.objc; path = VBAppDelegate.m; sourceTree = "<group>"; };
		A25A48901DADCCFB007D6B66 /* ViewController.h */ = {isa = PBXFileReference; fileEncoding = 4; lastKnownFileType = sourcecode.c.h; path = ViewController.h; sourceTree = "<group>"; };
		A25A48911DADCCFB007D6B66 /* ViewController.m */ = {isa = PBXFileReference; fileEncoding = 4; lastKnownFileType = sourcecode.c.objc; path = ViewController.m; sourceTree = "<group>"; };
		A25A49211DADD055007D6B66 /* VBKitExample-Prefix.pch */ = {isa = PBXFileReference; lastKnownFileType = sourcecode.c.h; path = "VBKitExample-Prefix.pch"; sourceTree = "<group>"; };
		A2FC5AC61E5EAC2400F934C5 /* CoreLocation.framework */ = {isa = PBXFileReference; lastKnownFileType = wrapper.framework; name = CoreLocation.framework; path = System/Library/Frameworks/CoreLocation.framework; sourceTree = SDKROOT; };
		BD990CABE7CB0BD7A58F0689 /* libPods-VBKitExampleUITests.a */ = {isa = PBXFileReference; explicitFileType = archive.ar; includeInIndex = 0; path = "libPods-VBKitExampleUITests.a"; sourceTree = BUILT_PRODUCTS_DIR; };
		D1EFB9828145DD0AAE5C244A /* libPods-VBKitExampleTests.a */ = {isa = PBXFileReference; explicitFileType = archive.ar; includeInIndex = 0; path = "libPods-VBKitExampleTests.a"; sourceTree = BUILT_PRODUCTS_DIR; };
/* End PBXFileReference section */

/* Begin PBXFrameworksBuildPhase section */
		A25A484E1DADCC3D007D6B66 /* Frameworks */ = {
			isa = PBXFrameworksBuildPhase;
			buildActionMask = 2147483647;
			files = (
				A2FC5AC71E5EAC2400F934C5 /* CoreLocation.framework in Frameworks */,
				F90C515D07D141B281B09D26 /* libPods-VBKitExample.a in Frameworks */,
			);
			runOnlyForDeploymentPostprocessing = 0;
		};
		A25A48671DADCC3D007D6B66 /* Frameworks */ = {
			isa = PBXFrameworksBuildPhase;
			buildActionMask = 2147483647;
			files = (
				3BD0EDF1C923E805BD1F58A1 /* libPods-VBKitExampleTests.a in Frameworks */,
			);
			runOnlyForDeploymentPostprocessing = 0;
		};
		A25A48721DADCC3D007D6B66 /* Frameworks */ = {
			isa = PBXFrameworksBuildPhase;
			buildActionMask = 2147483647;
			files = (
				32B58E26735B6C9398FC1F7B /* libPods-VBKitExampleUITests.a in Frameworks */,
			);
			runOnlyForDeploymentPostprocessing = 0;
		};
/* End PBXFrameworksBuildPhase section */

/* Begin PBXGroup section */
		44B48CE6E5F8AFD53A50F1F6 /* Frameworks */ = {
			isa = PBXGroup;
			children = (
				A2FC5AC61E5EAC2400F934C5 /* CoreLocation.framework */,
				07E9E16C77F4CAA8440EF910 /* libPods-VBKitExample.a */,
				D1EFB9828145DD0AAE5C244A /* libPods-VBKitExampleTests.a */,
				BD990CABE7CB0BD7A58F0689 /* libPods-VBKitExampleUITests.a */,
			);
			name = Frameworks;
			sourceTree = "<group>";
		};
		5A444DC7EE4B2764F137A4C1 /* Pods */ = {
			isa = PBXGroup;
			children = (
				4CFF7A4379C7AB3288169584 /* Pods-VBKitExample.debug.xcconfig */,
				2C3664E27E0674F7C8ACE019 /* Pods-VBKitExample.release.xcconfig */,
				3DEDA5A3B0843B5287CFB66B /* Pods-VBKitExampleTests.debug.xcconfig */,
				484F459FB632EBEB75019962 /* Pods-VBKitExampleTests.release.xcconfig */,
				47967553EB3D82947BB41006 /* Pods-VBKitExampleUITests.debug.xcconfig */,
				004D410211A2615F89446D17 /* Pods-VBKitExampleUITests.release.xcconfig */,
			);
			name = Pods;
			sourceTree = "<group>";
		};
		A20002D31EB3171C00DB12AF /* VBKit */ = {
			isa = PBXGroup;
			children = (
				A20002D41EB3171C00DB12AF /* VBCategories */,
				A20002DA1EB3171C00DB12AF /* VBConstants.h */,
				A20002DB1EB3171C00DB12AF /* VBFoundation */,
				A20002E41EB3171C00DB12AF /* VBKit.h */,
				A20002E51EB3171C00DB12AF /* VBManagers */,
				A20003121EB3171C00DB12AF /* VBUI */,
			);
			path = VBKit;
			sourceTree = SOURCE_ROOT;
		};
		A20002D41EB3171C00DB12AF /* VBCategories */ = {
			isa = PBXGroup;
			children = (
				A200035D1EB3180900DB12AF /* UIImage+VBCapture.h */,
				A200035E1EB3180900DB12AF /* UIImage+VBCapture.m */,
				A200035F1EB3180900DB12AF /* UIImage+VBImage.h */,
				A20003601EB3180900DB12AF /* UIImage+VBImage.m */,
				A20003611EB3180900DB12AF /* UIImage+VBImageEffects.h */,
				A20003621EB3180900DB12AF /* UIImage+VBImageEffects.m */,
				A20003631EB3180900DB12AF /* UIWindow+VBHierarchy.h */,
				A20003641EB3180900DB12AF /* UIWindow+VBHierarchy.m */,
				A20002D51EB3171C00DB12AF /* UIColor+VBHEX.h */,
				A20002D61EB3171C00DB12AF /* UIColor+VBHEX.m */,
				A20002D71EB3171C00DB12AF /* UIView+VBMotionEffect.h */,
				A20002D81EB3171C00DB12AF /* UIView+VBMotionEffect.m */,
				A20002D91EB3171C00DB12AF /* VBCategories.h */,
			);
			path = VBCategories;
			sourceTree = "<group>";
		};
		A20002DB1EB3171C00DB12AF /* VBFoundation */ = {
			isa = PBXGroup;
			children = (
				A20002DC1EB3171C00DB12AF /* VBFoundation.h */,
				A20002DD1EB3171C00DB12AF /* VBLog.h */,
				A20002DE1EB3171C00DB12AF /* VBLog.m */,
				A20002DF1EB3171C00DB12AF /* VBObject.h */,
				A20002E01EB3171C00DB12AF /* VBObject.m */,
				A20002E11EB3171C00DB12AF /* VBRuntime */,
			);
			path = VBFoundation;
			sourceTree = "<group>";
		};
		A20002E11EB3171C00DB12AF /* VBRuntime */ = {
			isa = PBXGroup;
			children = (
				A20002E21EB3171C00DB12AF /* VBRuntime.h */,
				A20002E31EB3171C00DB12AF /* VBRuntime.m */,
			);
			path = VBRuntime;
			sourceTree = "<group>";
		};
		A20002E51EB3171C00DB12AF /* VBManagers */ = {
			isa = PBXGroup;
			children = (
				A20002E61EB3171C00DB12AF /* VBDBManager */,
				A20002F11EB3171C00DB12AF /* VBFileManager */,
				A20002F41EB3171C00DB12AF /* VBHTTPManager */,
				A20003051EB3171C00DB12AF /* VBLocationManager */,
				A20003081EB3171C00DB12AF /* VBManagers.h */,
				A20003091EB3171C00DB12AF /* VBUMengAnalyticsManager */,
			);
			path = VBManagers;
			sourceTree = "<group>";
		};
		A20002E61EB3171C00DB12AF /* VBDBManager */ = {
			isa = PBXGroup;
			children = (
				A20002E71EB3171C00DB12AF /* VBConfigDBManager.h */,
				A20002E81EB3171C00DB12AF /* VBConfigDBManager.m */,
				A20002E91EB3171C00DB12AF /* VBDBManager.h */,
				A20002EA1EB3171C00DB12AF /* VBDBManager.m */,
				A20002EB1EB3171C00DB12AF /* VBFMDBEncrypt */,
			);
			path = VBDBManager;
			sourceTree = "<group>";
		};
		A20002EB1EB3171C00DB12AF /* VBFMDBEncrypt */ = {
			isa = PBXGroup;
			children = (
				A20002EC1EB3171C00DB12AF /* VBFMDBEncrypt.h */,
				A20002ED1EB3171C00DB12AF /* VBFMEncryptDatabase.h */,
				A20002EE1EB3171C00DB12AF /* VBFMEncryptDatabase.m */,
				A20002EF1EB3171C00DB12AF /* VBFMEncryptDatabaseQueue.h */,
				A20002F01EB3171C00DB12AF /* VBFMEncryptDatabaseQueue.m */,
			);
			path = VBFMDBEncrypt;
			sourceTree = "<group>";
		};
		A20002F11EB3171C00DB12AF /* VBFileManager */ = {
			isa = PBXGroup;
			children = (
				A20002F21EB3171C00DB12AF /* VBFileManager.h */,
				A20002F31EB3171C00DB12AF /* VBFileManager.m */,
			);
			path = VBFileManager;
			sourceTree = "<group>";
		};
		A20002F41EB3171C00DB12AF /* VBHTTPManager */ = {
			isa = PBXGroup;
			children = (
				A20002F51EB3171C00DB12AF /* VBFileConfig.h */,
				A20002F61EB3171C00DB12AF /* VBFileConfig.m */,
				A20002F71EB3171C00DB12AF /* VBHTTPCacheManager.h */,
				A20002F81EB3171C00DB12AF /* VBHTTPCacheManager.m */,
				A20002F91EB3171C00DB12AF /* VBHTTPManager.h */,
				A20002FA1EB3171C00DB12AF /* VBHTTPManager.m */,
				A20002FB1EB3171C00DB12AF /* VBHTTPTools */,
			);
			path = VBHTTPManager;
			sourceTree = "<group>";
		};
		A20002FB1EB3171C00DB12AF /* VBHTTPTools */ = {
			isa = PBXGroup;
			children = (
				A20002FC1EB3171C00DB12AF /* NSData+VBBase64.h */,
				A20002FD1EB3171C00DB12AF /* NSData+VBBase64.m */,
				A20002FE1EB3171C00DB12AF /* NSString+VBBase64.h */,
				A20002FF1EB3171C00DB12AF /* NSString+VBBase64.m */,
				A20003001EB3171C00DB12AF /* NSString+VBHash.h */,
				A20003011EB3171C00DB12AF /* NSString+VBHash.m */,
				A20003021EB3171C00DB12AF /* NSString+VBUrlEncode.h */,
				A20003031EB3171C00DB12AF /* NSString+VBUrlEncode.m */,
				A20003041EB3171C00DB12AF /* VBHTTPTools.h */,
			);
			path = VBHTTPTools;
			sourceTree = "<group>";
		};
		A20003051EB3171C00DB12AF /* VBLocationManager */ = {
			isa = PBXGroup;
			children = (
				A20003061EB3171C00DB12AF /* VBLocationManager.h */,
				A20003071EB3171C00DB12AF /* VBLocationManager.m */,
			);
			path = VBLocationManager;
			sourceTree = "<group>";
		};
		A20003091EB3171C00DB12AF /* VBUMengAnalyticsManager */ = {
			isa = PBXGroup;
			children = (
				A200030A1EB3171C00DB12AF /* UIControl+VBAnalytics.h */,
				A200030B1EB3171C00DB12AF /* UIControl+VBAnalytics.m */,
				A200030C1EB3171C00DB12AF /* UIViewController+VBAnalytics.h */,
				A200030D1EB3171C00DB12AF /* UIViewController+VBAnalytics.m */,
				A200030E1EB3171C00DB12AF /* VBAnalyticsHook.h */,
				A200030F1EB3171C00DB12AF /* VBAnalyticsHook.m */,
				A20003101EB3171C00DB12AF /* VBUMengAnalyticsManager.h */,
				A20003111EB3171C00DB12AF /* VBUMengAnalyticsManager.m */,
			);
			path = VBUMengAnalyticsManager;
			sourceTree = "<group>";
		};
		A20003121EB3171C00DB12AF /* VBUI */ = {
			isa = PBXGroup;
			children = (
				A20003131EB3171C00DB12AF /* Base */,
				A20003271EB3171C00DB12AF /* VBAlertView */,
				A20003351EB3171C00DB12AF /* VBUI.h */,
			);
			path = VBUI;
			sourceTree = "<group>";
		};
		A20003131EB3171C00DB12AF /* Base */ = {
			isa = PBXGroup;
			children = (
				A20003141EB3171C00DB12AF /* VBNavIcon */,
				A20003191EB3171C00DB12AF /* VBNavigationBar.h */,
				A200031A1EB3171C00DB12AF /* VBNavigationBar.m */,
				A200031B1EB3171C00DB12AF /* VBNavigationController.h */,
				A200031C1EB3171C00DB12AF /* VBNavigationController.m */,
				A200031D1EB3171C00DB12AF /* VBTabBarController.h */,
				A200031E1EB3171C00DB12AF /* VBTabBarController.m */,
				A200031F1EB3171C00DB12AF /* VBTableView.h */,
				A20003201EB3171C00DB12AF /* VBTableView.m */,
				A20003211EB3171C00DB12AF /* VBTableViewCell.h */,
				A20003221EB3171C00DB12AF /* VBTableViewCell.m */,
				A20003231EB3171C00DB12AF /* VBView.h */,
				A20003241EB3171C00DB12AF /* VBView.m */,
				A20003251EB3171C00DB12AF /* VBViewController.h */,
				A20003261EB3171C00DB12AF /* VBViewController.m */,
			);
			path = Base;
			sourceTree = "<group>";
		};
		A20003141EB3171C00DB12AF /* VBNavIcon */ = {
			isa = PBXGroup;
			children = (
				A20003151EB3171C00DB12AF /* VB_Nav_Check@2x.png */,
				A20003161EB3171C00DB12AF /* VB_Nav_Close@2x.png */,
				A20003171EB3171C00DB12AF /* VB_Nav_Left@2x.png */,
				A20003181EB3171C00DB12AF /* VB_Nav_Right@2x.png */,
			);
			path = VBNavIcon;
			sourceTree = "<group>";
		};
		A20003271EB3171C00DB12AF /* VBAlertView */ = {
			isa = PBXGroup;
			children = (
				A20003281EB3171C00DB12AF /* Base */,
				A200032C1EB3171C00DB12AF /* Custom */,
				A200032D1EB3171C00DB12AF /* UIAlertController+VBAlert.h */,
				A200032E1EB3171C00DB12AF /* UIAlertController+VBAlert.m */,
				A20003311EB3171C00DB12AF /* VBerror@2x.png */,
				A20003321EB3171C00DB12AF /* VBProgressHUD.h */,
				A20003331EB3171C00DB12AF /* VBProgressHUD.m */,
				A20003341EB3171C00DB12AF /* VBsuccess@2x.png */,
			);
			path = VBAlertView;
			sourceTree = "<group>";
		};
		A20003281EB3171C00DB12AF /* Base */ = {
			isa = PBXGroup;
			children = (
				A20003291EB3171C00DB12AF /* VBProgressComponent.h */,
				A200032A1EB3171C00DB12AF /* VBProgressComponent.m */,
				A200032B1EB3171C00DB12AF /* VBProgressDelegate.h */,
			);
			path = Base;
			sourceTree = "<group>";
		};
		A200032C1EB3171C00DB12AF /* Custom */ = {
			isa = PBXGroup;
			children = (
			);
			path = Custom;
			sourceTree = "<group>";
		};
		A25A48481DADCC3D007D6B66 = {
			isa = PBXGroup;
			children = (
				A25A48531DADCC3D007D6B66 /* VBKitExample */,
				A25A486D1DADCC3D007D6B66 /* VBKitExampleTests */,
				A25A48781DADCC3D007D6B66 /* VBKitExampleUITests */,
				A25A48521DADCC3D007D6B66 /* Products */,
				5A444DC7EE4B2764F137A4C1 /* Pods */,
				44B48CE6E5F8AFD53A50F1F6 /* Frameworks */,
			);
			sourceTree = "<group>";
		};
		A25A48521DADCC3D007D6B66 /* Products */ = {
			isa = PBXGroup;
			children = (
				A25A48511DADCC3D007D6B66 /* VBKitExample.app */,
				A25A486A1DADCC3D007D6B66 /* VBKitExampleTests.xctest */,
				A25A48751DADCC3D007D6B66 /* VBKitExampleUITests.xctest */,
			);
			name = Products;
			sourceTree = "<group>";
		};
		A25A48531DADCC3D007D6B66 /* VBKitExample */ = {
			isa = PBXGroup;
			children = (
				A20002D31EB3171C00DB12AF /* VBKit */,
				A25A48871DADCCFB007D6B66 /* icon_cell_blue_normal@2x.png */,
				A25A48881DADCCFB007D6B66 /* icon_message_normal@3x.png */,
				A25A48891DADCCFB007D6B66 /* Icon-60@3x.png */,
				A25A488A1DADCCFB007D6B66 /* images.jpeg */,
				A25A488B1DADCCFB007D6B66 /* VBAppDelegate.h */,
				A25A488C1DADCCFB007D6B66 /* VBAppDelegate.m */,
				A25A48901DADCCFB007D6B66 /* ViewController.h */,
				A25A48911DADCCFB007D6B66 /* ViewController.m */,
				A25A48601DADCC3D007D6B66 /* Assets.xcassets */,
				A25A48621DADCC3D007D6B66 /* LaunchScreen.storyboard */,
				A25A48651DADCC3D007D6B66 /* Info.plist */,
				A25A48541DADCC3D007D6B66 /* Supporting Files */,
			);
			path = VBKitExample;
			sourceTree = "<group>";
		};
		A25A48541DADCC3D007D6B66 /* Supporting Files */ = {
			isa = PBXGroup;
			children = (
				A25A48551DADCC3D007D6B66 /* main.m */,
				A25A49211DADD055007D6B66 /* VBKitExample-Prefix.pch */,
			);
			name = "Supporting Files";
			sourceTree = "<group>";
		};
		A25A486D1DADCC3D007D6B66 /* VBKitExampleTests */ = {
			isa = PBXGroup;
			children = (
				A25A486E1DADCC3D007D6B66 /* VBKitExampleTests.m */,
				A25A48701DADCC3D007D6B66 /* Info.plist */,
			);
			path = VBKitExampleTests;
			sourceTree = "<group>";
		};
		A25A48781DADCC3D007D6B66 /* VBKitExampleUITests */ = {
			isa = PBXGroup;
			children = (
				A25A48791DADCC3D007D6B66 /* VBKitExampleUITests.m */,
				A25A487B1DADCC3D007D6B66 /* Info.plist */,
			);
			path = VBKitExampleUITests;
			sourceTree = "<group>";
		};
/* End PBXGroup section */

/* Begin PBXNativeTarget section */
		A25A48501DADCC3D007D6B66 /* VBKitExample */ = {
			isa = PBXNativeTarget;
			buildConfigurationList = A25A487E1DADCC3D007D6B66 /* Build configuration list for PBXNativeTarget "VBKitExample" */;
			buildPhases = (
				C881AE19BCF912697494197E /* [CP] Check Pods Manifest.lock */,
				A25A484D1DADCC3D007D6B66 /* Sources */,
				A25A484E1DADCC3D007D6B66 /* Frameworks */,
				A25A484F1DADCC3D007D6B66 /* Resources */,
				5CE9B9CB9967822D0B5E4EE5 /* [CP] Embed Pods Frameworks */,
				46AB175991988F2BE7BADB53 /* [CP] Copy Pods Resources */,
			);
			buildRules = (
			);
			dependencies = (
			);
			name = VBKitExample;
			productName = VBKitExample;
			productReference = A25A48511DADCC3D007D6B66 /* VBKitExample.app */;
			productType = "com.apple.product-type.application";
		};
		A25A48691DADCC3D007D6B66 /* VBKitExampleTests */ = {
			isa = PBXNativeTarget;
			buildConfigurationList = A25A48811DADCC3D007D6B66 /* Build configuration list for PBXNativeTarget "VBKitExampleTests" */;
			buildPhases = (
				B0BCDAD9C3B10EC5435B4067 /* [CP] Check Pods Manifest.lock */,
				A25A48661DADCC3D007D6B66 /* Sources */,
				A25A48671DADCC3D007D6B66 /* Frameworks */,
				A25A48681DADCC3D007D6B66 /* Resources */,
				BA97DB2C32A557490817BFA6 /* [CP] Embed Pods Frameworks */,
				797E92F4DC1E0428BA82240B /* [CP] Copy Pods Resources */,
			);
			buildRules = (
			);
			dependencies = (
				A25A486C1DADCC3D007D6B66 /* PBXTargetDependency */,
			);
			name = VBKitExampleTests;
			productName = VBKitExampleTests;
			productReference = A25A486A1DADCC3D007D6B66 /* VBKitExampleTests.xctest */;
			productType = "com.apple.product-type.bundle.unit-test";
		};
		A25A48741DADCC3D007D6B66 /* VBKitExampleUITests */ = {
			isa = PBXNativeTarget;
			buildConfigurationList = A25A48841DADCC3D007D6B66 /* Build configuration list for PBXNativeTarget "VBKitExampleUITests" */;
			buildPhases = (
				402E8E73D58812B2FE01B0CA /* [CP] Check Pods Manifest.lock */,
				A25A48711DADCC3D007D6B66 /* Sources */,
				A25A48721DADCC3D007D6B66 /* Frameworks */,
				A25A48731DADCC3D007D6B66 /* Resources */,
				CBDE0D5E5788E179699E5A62 /* [CP] Embed Pods Frameworks */,
				0ECF9FC014DDCE00540B434F /* [CP] Copy Pods Resources */,
			);
			buildRules = (
			);
			dependencies = (
				A25A48771DADCC3D007D6B66 /* PBXTargetDependency */,
			);
			name = VBKitExampleUITests;
			productName = VBKitExampleUITests;
			productReference = A25A48751DADCC3D007D6B66 /* VBKitExampleUITests.xctest */;
			productType = "com.apple.product-type.bundle.ui-testing";
		};
/* End PBXNativeTarget section */

/* Begin PBXProject section */
		A25A48491DADCC3D007D6B66 /* Project object */ = {
			isa = PBXProject;
			attributes = {
				CLASSPREFIX = VB;
				LastUpgradeCheck = 0810;
				ORGANIZATIONNAME = VisionBao;
				TargetAttributes = {
					A25A48501DADCC3D007D6B66 = {
						CreatedOnToolsVersion = 8.0;
						DevelopmentTeam = 3CYYH3D98X;
						ProvisioningStyle = Automatic;
					};
					A25A48691DADCC3D007D6B66 = {
						CreatedOnToolsVersion = 8.0;
						ProvisioningStyle = Automatic;
						TestTargetID = A25A48501DADCC3D007D6B66;
					};
					A25A48741DADCC3D007D6B66 = {
						CreatedOnToolsVersion = 8.0;
						ProvisioningStyle = Automatic;
						TestTargetID = A25A48501DADCC3D007D6B66;
					};
				};
			};
			buildConfigurationList = A25A484C1DADCC3D007D6B66 /* Build configuration list for PBXProject "VBKitExample" */;
			compatibilityVersion = "Xcode 3.2";
			developmentRegion = English;
			hasScannedForEncodings = 0;
			knownRegions = (
				en,
				Base,
			);
			mainGroup = A25A48481DADCC3D007D6B66;
			productRefGroup = A25A48521DADCC3D007D6B66 /* Products */;
			projectDirPath = "";
			projectRoot = "";
			targets = (
				A25A48501DADCC3D007D6B66 /* VBKitExample */,
				A25A48691DADCC3D007D6B66 /* VBKitExampleTests */,
				A25A48741DADCC3D007D6B66 /* VBKitExampleUITests */,
			);
		};
/* End PBXProject section */

/* Begin PBXResourcesBuildPhase section */
		A25A484F1DADCC3D007D6B66 /* Resources */ = {
			isa = PBXResourcesBuildPhase;
			buildActionMask = 2147483647;
			files = (
				A200034E1EB3171C00DB12AF /* VB_Nav_Left@2x.png in Resources */,
				A25A48641DADCC3D007D6B66 /* LaunchScreen.storyboard in Resources */,
				A2F31A931E7157FB00C8354C /* (null) in Resources */,
				A2F31A9F1E7157FB00C8354C /* (null) in Resources */,
				A2F31A911E7157FB00C8354C /* (null) in Resources */,
				A25A48941DADCCFB007D6B66 /* Icon-60@3x.png in Resources */,
				A25A48931DADCCFB007D6B66 /* icon_message_normal@3x.png in Resources */,
				A200035A1EB3171C00DB12AF /* VBerror@2x.png in Resources */,
				A200035C1EB3171C00DB12AF /* VBsuccess@2x.png in Resources */,
				A25A48921DADCCFB007D6B66 /* icon_cell_blue_normal@2x.png in Resources */,
				A25A48611DADCC3D007D6B66 /* Assets.xcassets in Resources */,
				A200034F1EB3171C00DB12AF /* VB_Nav_Right@2x.png in Resources */,
				A2F31A921E7157FB00C8354C /* (null) in Resources */,
				A25A48951DADCCFB007D6B66 /* images.jpeg in Resources */,
				A2F31A901E7157FB00C8354C /* (null) in Resources */,
				A2F31A9D1E7157FB00C8354C /* (null) in Resources */,
				A200034C1EB3171C00DB12AF /* VB_Nav_Check@2x.png in Resources */,
				A200034D1EB3171C00DB12AF /* VB_Nav_Close@2x.png in Resources */,
			);
			runOnlyForDeploymentPostprocessing = 0;
		};
		A25A48681DADCC3D007D6B66 /* Resources */ = {
			isa = PBXResourcesBuildPhase;
			buildActionMask = 2147483647;
			files = (
			);
			runOnlyForDeploymentPostprocessing = 0;
		};
		A25A48731DADCC3D007D6B66 /* Resources */ = {
			isa = PBXResourcesBuildPhase;
			buildActionMask = 2147483647;
			files = (
			);
			runOnlyForDeploymentPostprocessing = 0;
		};
/* End PBXResourcesBuildPhase section */

/* Begin PBXShellScriptBuildPhase section */
		0ECF9FC014DDCE00540B434F /* [CP] Copy Pods Resources */ = {
			isa = PBXShellScriptBuildPhase;
			buildActionMask = 2147483647;
			files = (
			);
			inputPaths = (
			);
			name = "[CP] Copy Pods Resources";
			outputPaths = (
			);
			runOnlyForDeploymentPostprocessing = 0;
			shellPath = /bin/sh;
			shellScript = "\"${SRCROOT}/Pods/Target Support Files/Pods-VBKitExampleUITests/Pods-VBKitExampleUITests-resources.sh\"\n";
			showEnvVarsInLog = 0;
		};
		402E8E73D58812B2FE01B0CA /* [CP] Check Pods Manifest.lock */ = {
			isa = PBXShellScriptBuildPhase;
			buildActionMask = 2147483647;
			files = (
			);
			inputPaths = (
			);
			name = "[CP] Check Pods Manifest.lock";
			outputPaths = (
			);
			runOnlyForDeploymentPostprocessing = 0;
			shellPath = /bin/sh;
			shellScript = "diff \"${PODS_ROOT}/../Podfile.lock\" \"${PODS_ROOT}/Manifest.lock\" > /dev/null\nif [ $? != 0 ] ; then\n    # print error to STDERR\n    echo \"error: The sandbox is not in sync with the Podfile.lock. Run 'pod install' or update your CocoaPods installation.\" >&2\n    exit 1\nfi\n";
			showEnvVarsInLog = 0;
		};
		46AB175991988F2BE7BADB53 /* [CP] Copy Pods Resources */ = {
			isa = PBXShellScriptBuildPhase;
			buildActionMask = 2147483647;
			files = (
			);
			inputPaths = (
			);
			name = "[CP] Copy Pods Resources";
			outputPaths = (
			);
			runOnlyForDeploymentPostprocessing = 0;
			shellPath = /bin/sh;
			shellScript = "\"${SRCROOT}/Pods/Target Support Files/Pods-VBKitExample/Pods-VBKitExample-resources.sh\"\n";
			showEnvVarsInLog = 0;
		};
		5CE9B9CB9967822D0B5E4EE5 /* [CP] Embed Pods Frameworks */ = {
			isa = PBXShellScriptBuildPhase;
			buildActionMask = 2147483647;
			files = (
			);
			inputPaths = (
			);
			name = "[CP] Embed Pods Frameworks";
			outputPaths = (
			);
			runOnlyForDeploymentPostprocessing = 0;
			shellPath = /bin/sh;
			shellScript = "\"${SRCROOT}/Pods/Target Support Files/Pods-VBKitExample/Pods-VBKitExample-frameworks.sh\"\n";
			showEnvVarsInLog = 0;
		};
		797E92F4DC1E0428BA82240B /* [CP] Copy Pods Resources */ = {
			isa = PBXShellScriptBuildPhase;
			buildActionMask = 2147483647;
			files = (
			);
			inputPaths = (
			);
			name = "[CP] Copy Pods Resources";
			outputPaths = (
			);
			runOnlyForDeploymentPostprocessing = 0;
			shellPath = /bin/sh;
			shellScript = "\"${SRCROOT}/Pods/Target Support Files/Pods-VBKitExampleTests/Pods-VBKitExampleTests-resources.sh\"\n";
			showEnvVarsInLog = 0;
		};
		B0BCDAD9C3B10EC5435B4067 /* [CP] Check Pods Manifest.lock */ = {
			isa = PBXShellScriptBuildPhase;
			buildActionMask = 2147483647;
			files = (
			);
			inputPaths = (
			);
			name = "[CP] Check Pods Manifest.lock";
			outputPaths = (
			);
			runOnlyForDeploymentPostprocessing = 0;
			shellPath = /bin/sh;
			shellScript = "diff \"${PODS_ROOT}/../Podfile.lock\" \"${PODS_ROOT}/Manifest.lock\" > /dev/null\nif [ $? != 0 ] ; then\n    # print error to STDERR\n    echo \"error: The sandbox is not in sync with the Podfile.lock. Run 'pod install' or update your CocoaPods installation.\" >&2\n    exit 1\nfi\n";
			showEnvVarsInLog = 0;
		};
		BA97DB2C32A557490817BFA6 /* [CP] Embed Pods Frameworks */ = {
			isa = PBXShellScriptBuildPhase;
			buildActionMask = 2147483647;
			files = (
			);
			inputPaths = (
			);
			name = "[CP] Embed Pods Frameworks";
			outputPaths = (
			);
			runOnlyForDeploymentPostprocessing = 0;
			shellPath = /bin/sh;
			shellScript = "\"${SRCROOT}/Pods/Target Support Files/Pods-VBKitExampleTests/Pods-VBKitExampleTests-frameworks.sh\"\n";
			showEnvVarsInLog = 0;
		};
		C881AE19BCF912697494197E /* [CP] Check Pods Manifest.lock */ = {
			isa = PBXShellScriptBuildPhase;
			buildActionMask = 2147483647;
			files = (
			);
			inputPaths = (
			);
			name = "[CP] Check Pods Manifest.lock";
			outputPaths = (
			);
			runOnlyForDeploymentPostprocessing = 0;
			shellPath = /bin/sh;
			shellScript = "diff \"${PODS_ROOT}/../Podfile.lock\" \"${PODS_ROOT}/Manifest.lock\" > /dev/null\nif [ $? != 0 ] ; then\n    # print error to STDERR\n    echo \"error: The sandbox is not in sync with the Podfile.lock. Run 'pod install' or update your CocoaPods installation.\" >&2\n    exit 1\nfi\n";
			showEnvVarsInLog = 0;
		};
		CBDE0D5E5788E179699E5A62 /* [CP] Embed Pods Frameworks */ = {
			isa = PBXShellScriptBuildPhase;
			buildActionMask = 2147483647;
			files = (
			);
			inputPaths = (
			);
			name = "[CP] Embed Pods Frameworks";
			outputPaths = (
			);
			runOnlyForDeploymentPostprocessing = 0;
			shellPath = /bin/sh;
			shellScript = "\"${SRCROOT}/Pods/Target Support Files/Pods-VBKitExampleUITests/Pods-VBKitExampleUITests-frameworks.sh\"\n";
			showEnvVarsInLog = 0;
		};
/* End PBXShellScriptBuildPhase section */

/* Begin PBXSourcesBuildPhase section */
		A25A484D1DADCC3D007D6B66 /* Sources */ = {
			isa = PBXSourcesBuildPhase;
			buildActionMask = 2147483647;
			files = (
				A2F31A881E7157FB00C8354C /* (null) in Sources */,
				A25A48961DADCCFB007D6B66 /* VBAppDelegate.m in Sources */,
				A242F0C71DD70FFE009D0350 /* (null) in Sources */,
				A20003371EB3171C00DB12AF /* UIView+VBMotionEffect.m in Sources */,
				A20003651EB3180900DB12AF /* UIImage+VBCapture.m in Sources */,
				A218D2CF1E6FAD7000EE2A78 /* (null) in Sources */,
				A257E5AF1E6D3C2E00B8798D /* (null) in Sources */,
				A20003411EB3171C00DB12AF /* VBHTTPCacheManager.m in Sources */,
				A242F0CA1DD71026009D0350 /* (null) in Sources */,
				A218D2D21E6FAD7000EE2A78 /* (null) in Sources */,
				A25A48561DADCC3D007D6B66 /* main.m in Sources */,
				A20003681EB3180900DB12AF /* UIWindow+VBHierarchy.m in Sources */,
				A20003401EB3171C00DB12AF /* VBFileConfig.m in Sources */,
				A242F0BB1DD70E65009D0350 /* (null) in Sources */,
				A218D2D01E6FAD7000EE2A78 /* (null) in Sources */,
				A20003561EB3171C00DB12AF /* VBViewController.m in Sources */,
				A25A48981DADCCFB007D6B66 /* ViewController.m in Sources */,
				A20003551EB3171C00DB12AF /* VBView.m in Sources */,
				A2F31A961E7157FB00C8354C /* (null) in Sources */,
				A200033C1EB3171C00DB12AF /* VBDBManager.m in Sources */,
				A200034A1EB3171C00DB12AF /* VBAnalyticsHook.m in Sources */,
				A2F31A9B1E7157FB00C8354C /* (null) in Sources */,
				A2F31A831E7157FB00C8354C /* (null) in Sources */,
				A2F31A791E7157FB00C8354C /* (null) in Sources */,
				A20003481EB3171C00DB12AF /* UIControl+VBAnalytics.m in Sources */,
				A2F31A981E7157FB00C8354C /* (null) in Sources */,
				A20003671EB3180900DB12AF /* UIImage+VBImageEffects.m in Sources */,
				A20003571EB3171C00DB12AF /* VBProgressComponent.m in Sources */,
				A20003461EB3171C00DB12AF /* NSString+VBUrlEncode.m in Sources */,
				A20003531EB3171C00DB12AF /* VBTableView.m in Sources */,
				A20003511EB3171C00DB12AF /* VBNavigationController.m in Sources */,
				A200033B1EB3171C00DB12AF /* VBConfigDBManager.m in Sources */,
				A200033F1EB3171C00DB12AF /* VBFileManager.m in Sources */,
				A200033A1EB3171C00DB12AF /* VBRuntime.m in Sources */,
				A2F31A8C1E7157FB00C8354C /* (null) in Sources */,
				A2F31A761E7157FB00C8354C /* (null) in Sources */,
				A2F31A9C1E7157FB00C8354C /* (null) in Sources */,
				A20003661EB3180900DB12AF /* UIImage+VBImage.m in Sources */,
				A200034B1EB3171C00DB12AF /* VBUMengAnalyticsManager.m in Sources */,
				A20003391EB3171C00DB12AF /* VBObject.m in Sources */,
				A20003581EB3171C00DB12AF /* UIAlertController+VBAlert.m in Sources */,
				A20003451EB3171C00DB12AF /* NSString+VBHash.m in Sources */,
				A2F31A841E7157FB00C8354C /* (null) in Sources */,
				A200035B1EB3171C00DB12AF /* VBProgressHUD.m in Sources */,
				A20003541EB3171C00DB12AF /* VBTableViewCell.m in Sources */,
				A200033D1EB3171C00DB12AF /* VBFMEncryptDatabase.m in Sources */,
				A2F31A861E7157FB00C8354C /* (null) in Sources */,
				A20003491EB3171C00DB12AF /* UIViewController+VBAnalytics.m in Sources */,
				A20003501EB3171C00DB12AF /* VBNavigationBar.m in Sources */,
				A2F31A801E7157FB00C8354C /* (null) in Sources */,
				A20003421EB3171C00DB12AF /* VBHTTPManager.m in Sources */,
				A20003381EB3171C00DB12AF /* VBLog.m in Sources */,
				A20003431EB3171C00DB12AF /* NSData+VBBase64.m in Sources */,
				A2F31A821E7157FB00C8354C /* (null) in Sources */,
				A200033E1EB3171C00DB12AF /* VBFMEncryptDatabaseQueue.m in Sources */,
				A218D2D11E6FAD7000EE2A78 /* (null) in Sources */,
				A20003521EB3171C00DB12AF /* VBTabBarController.m in Sources */,
				A242F0C41DD70FDC009D0350 /* (null) in Sources */,
				A242F0BE1DD70E92009D0350 /* (null) in Sources */,
				A20003441EB3171C00DB12AF /* NSString+VBBase64.m in Sources */,
				A20003471EB3171C00DB12AF /* VBLocationManager.m in Sources */,
				A20003361EB3171C00DB12AF /* UIColor+VBHEX.m in Sources */,
				A242F0C11DD70EB8009D0350 /* (null) in Sources */,
				A242F0B81DD70E11009D0350 /* (null) in Sources */,
			);
			runOnlyForDeploymentPostprocessing = 0;
		};
		A25A48661DADCC3D007D6B66 /* Sources */ = {
			isa = PBXSourcesBuildPhase;
			buildActionMask = 2147483647;
			files = (
				A25A486F1DADCC3D007D6B66 /* VBKitExampleTests.m in Sources */,
			);
			runOnlyForDeploymentPostprocessing = 0;
		};
		A25A48711DADCC3D007D6B66 /* Sources */ = {
			isa = PBXSourcesBuildPhase;
			buildActionMask = 2147483647;
			files = (
				A25A487A1DADCC3D007D6B66 /* VBKitExampleUITests.m in Sources */,
			);
			runOnlyForDeploymentPostprocessing = 0;
		};
/* End PBXSourcesBuildPhase section */

/* Begin PBXTargetDependency section */
		A25A486C1DADCC3D007D6B66 /* PBXTargetDependency */ = {
			isa = PBXTargetDependency;
			target = A25A48501DADCC3D007D6B66 /* VBKitExample */;
			targetProxy = A25A486B1DADCC3D007D6B66 /* PBXContainerItemProxy */;
		};
		A25A48771DADCC3D007D6B66 /* PBXTargetDependency */ = {
			isa = PBXTargetDependency;
			target = A25A48501DADCC3D007D6B66 /* VBKitExample */;
			targetProxy = A25A48761DADCC3D007D6B66 /* PBXContainerItemProxy */;
		};
/* End PBXTargetDependency section */

/* Begin PBXVariantGroup section */
		A25A48621DADCC3D007D6B66 /* LaunchScreen.storyboard */ = {
			isa = PBXVariantGroup;
			children = (
				A25A48631DADCC3D007D6B66 /* Base */,
			);
			name = LaunchScreen.storyboard;
			sourceTree = "<group>";
		};
/* End PBXVariantGroup section */

/* Begin XCBuildConfiguration section */
		A25A487C1DADCC3D007D6B66 /* Debug */ = {
			isa = XCBuildConfiguration;
			buildSettings = {
				ALWAYS_SEARCH_USER_PATHS = NO;
				CLANG_ANALYZER_NONNULL = YES;
				CLANG_CXX_LANGUAGE_STANDARD = "gnu++0x";
				CLANG_CXX_LIBRARY = "libc++";
				CLANG_ENABLE_MODULES = YES;
				CLANG_ENABLE_OBJC_ARC = YES;
				CLANG_WARN_BOOL_CONVERSION = YES;
				CLANG_WARN_CONSTANT_CONVERSION = YES;
				CLANG_WARN_DIRECT_OBJC_ISA_USAGE = YES_ERROR;
				CLANG_WARN_DOCUMENTATION_COMMENTS = YES;
				CLANG_WARN_EMPTY_BODY = YES;
				CLANG_WARN_ENUM_CONVERSION = YES;
				CLANG_WARN_INFINITE_RECURSION = YES;
				CLANG_WARN_INT_CONVERSION = YES;
				CLANG_WARN_OBJC_ROOT_CLASS = YES_ERROR;
				CLANG_WARN_SUSPICIOUS_MOVE = YES;
				CLANG_WARN_SUSPICIOUS_MOVES = YES;
				CLANG_WARN_UNREACHABLE_CODE = YES;
				CLANG_WARN__DUPLICATE_METHOD_MATCH = YES;
				"CODE_SIGN_IDENTITY[sdk=iphoneos*]" = "iPhone Developer";
				COPY_PHASE_STRIP = NO;
				DEBUG_INFORMATION_FORMAT = dwarf;
				ENABLE_STRICT_OBJC_MSGSEND = YES;
				ENABLE_TESTABILITY = YES;
				GCC_C_LANGUAGE_STANDARD = gnu99;
				GCC_DYNAMIC_NO_PIC = NO;
				GCC_NO_COMMON_BLOCKS = YES;
				GCC_OPTIMIZATION_LEVEL = 0;
				GCC_PREPROCESSOR_DEFINITIONS = (
					"DEBUG=1",
					"$(inherited)",
				);
				GCC_WARN_64_TO_32_BIT_CONVERSION = YES;
				GCC_WARN_ABOUT_RETURN_TYPE = YES_ERROR;
				GCC_WARN_UNDECLARED_SELECTOR = YES;
				GCC_WARN_UNINITIALIZED_AUTOS = YES_AGGRESSIVE;
				GCC_WARN_UNUSED_FUNCTION = YES;
				GCC_WARN_UNUSED_VARIABLE = YES;
				IPHONEOS_DEPLOYMENT_TARGET = 10.0;
				MTL_ENABLE_DEBUG_INFO = YES;
				ONLY_ACTIVE_ARCH = YES;
				SDKROOT = iphoneos;
				TARGETED_DEVICE_FAMILY = "1,2";
			};
			name = Debug;
		};
		A25A487D1DADCC3D007D6B66 /* Release */ = {
			isa = XCBuildConfiguration;
			buildSettings = {
				ALWAYS_SEARCH_USER_PATHS = NO;
				CLANG_ANALYZER_NONNULL = YES;
				CLANG_CXX_LANGUAGE_STANDARD = "gnu++0x";
				CLANG_CXX_LIBRARY = "libc++";
				CLANG_ENABLE_MODULES = YES;
				CLANG_ENABLE_OBJC_ARC = YES;
				CLANG_WARN_BOOL_CONVERSION = YES;
				CLANG_WARN_CONSTANT_CONVERSION = YES;
				CLANG_WARN_DIRECT_OBJC_ISA_USAGE = YES_ERROR;
				CLANG_WARN_DOCUMENTATION_COMMENTS = YES;
				CLANG_WARN_EMPTY_BODY = YES;
				CLANG_WARN_ENUM_CONVERSION = YES;
				CLANG_WARN_INFINITE_RECURSION = YES;
				CLANG_WARN_INT_CONVERSION = YES;
				CLANG_WARN_OBJC_ROOT_CLASS = YES_ERROR;
				CLANG_WARN_SUSPICIOUS_MOVE = YES;
				CLANG_WARN_SUSPICIOUS_MOVES = YES;
				CLANG_WARN_UNREACHABLE_CODE = YES;
				CLANG_WARN__DUPLICATE_METHOD_MATCH = YES;
				"CODE_SIGN_IDENTITY[sdk=iphoneos*]" = "iPhone Developer";
				COPY_PHASE_STRIP = NO;
				DEBUG_INFORMATION_FORMAT = "dwarf-with-dsym";
				ENABLE_NS_ASSERTIONS = NO;
				ENABLE_STRICT_OBJC_MSGSEND = YES;
				GCC_C_LANGUAGE_STANDARD = gnu99;
				GCC_NO_COMMON_BLOCKS = YES;
				GCC_WARN_64_TO_32_BIT_CONVERSION = YES;
				GCC_WARN_ABOUT_RETURN_TYPE = YES_ERROR;
				GCC_WARN_UNDECLARED_SELECTOR = YES;
				GCC_WARN_UNINITIALIZED_AUTOS = YES_AGGRESSIVE;
				GCC_WARN_UNUSED_FUNCTION = YES;
				GCC_WARN_UNUSED_VARIABLE = YES;
				IPHONEOS_DEPLOYMENT_TARGET = 10.0;
				MTL_ENABLE_DEBUG_INFO = NO;
				SDKROOT = iphoneos;
				TARGETED_DEVICE_FAMILY = "1,2";
				VALIDATE_PRODUCT = YES;
			};
			name = Release;
		};
		A25A487F1DADCC3D007D6B66 /* Debug */ = {
			isa = XCBuildConfiguration;
			baseConfigurationReference = 4CFF7A4379C7AB3288169584 /* Pods-VBKitExample.debug.xcconfig */;
			buildSettings = {
				ASSETCATALOG_COMPILER_APPICON_NAME = AppIcon;
				DEVELOPMENT_TEAM = 3CYYH3D98X;
				GCC_PREFIX_HEADER = "$(SRCROOT)/VBKitExample/VBKitExample-Prefix.pch";
				INFOPLIST_FILE = VBKitExample/Info.plist;
				IPHONEOS_DEPLOYMENT_TARGET = 8.0;
				LD_RUNPATH_SEARCH_PATHS = "$(inherited) @executable_path/Frameworks";
				PRODUCT_BUNDLE_IDENTIFIER = com.visionbao.VBKitExample;
				PRODUCT_NAME = "$(TARGET_NAME)";
			};
			name = Debug;
		};
		A25A48801DADCC3D007D6B66 /* Release */ = {
			isa = XCBuildConfiguration;
			baseConfigurationReference = 2C3664E27E0674F7C8ACE019 /* Pods-VBKitExample.release.xcconfig */;
			buildSettings = {
				ASSETCATALOG_COMPILER_APPICON_NAME = AppIcon;
				DEVELOPMENT_TEAM = 3CYYH3D98X;
				GCC_PREFIX_HEADER = "$(SRCROOT)/VBKitExample/VBKitExample-Prefix.pch";
				INFOPLIST_FILE = VBKitExample/Info.plist;
				IPHONEOS_DEPLOYMENT_TARGET = 8.0;
				LD_RUNPATH_SEARCH_PATHS = "$(inherited) @executable_path/Frameworks";
				PRODUCT_BUNDLE_IDENTIFIER = com.visionbao.VBKitExample;
				PRODUCT_NAME = "$(TARGET_NAME)";
			};
			name = Release;
		};
		A25A48821DADCC3D007D6B66 /* Debug */ = {
			isa = XCBuildConfiguration;
			baseConfigurationReference = 3DEDA5A3B0843B5287CFB66B /* Pods-VBKitExampleTests.debug.xcconfig */;
			buildSettings = {
				BUNDLE_LOADER = "$(TEST_HOST)";
				INFOPLIST_FILE = VBKitExampleTests/Info.plist;
				LD_RUNPATH_SEARCH_PATHS = "$(inherited) @executable_path/Frameworks @loader_path/Frameworks";
				PRODUCT_BUNDLE_IDENTIFIER = com.visionbao.VBKitExampleTests;
				PRODUCT_NAME = "$(TARGET_NAME)";
				TEST_HOST = "$(BUILT_PRODUCTS_DIR)/VBKitExample.app/VBKitExample";
			};
			name = Debug;
		};
		A25A48831DADCC3D007D6B66 /* Release */ = {
			isa = XCBuildConfiguration;
			baseConfigurationReference = 484F459FB632EBEB75019962 /* Pods-VBKitExampleTests.release.xcconfig */;
			buildSettings = {
				BUNDLE_LOADER = "$(TEST_HOST)";
				INFOPLIST_FILE = VBKitExampleTests/Info.plist;
				LD_RUNPATH_SEARCH_PATHS = "$(inherited) @executable_path/Frameworks @loader_path/Frameworks";
				PRODUCT_BUNDLE_IDENTIFIER = com.visionbao.VBKitExampleTests;
				PRODUCT_NAME = "$(TARGET_NAME)";
				TEST_HOST = "$(BUILT_PRODUCTS_DIR)/VBKitExample.app/VBKitExample";
			};
			name = Release;
		};
		A25A48851DADCC3D007D6B66 /* Debug */ = {
			isa = XCBuildConfiguration;
			baseConfigurationReference = 47967553EB3D82947BB41006 /* Pods-VBKitExampleUITests.debug.xcconfig */;
			buildSettings = {
				INFOPLIST_FILE = VBKitExampleUITests/Info.plist;
				LD_RUNPATH_SEARCH_PATHS = "$(inherited) @executable_path/Frameworks @loader_path/Frameworks";
				PRODUCT_BUNDLE_IDENTIFIER = com.visionbao.VBKitExampleUITests;
				PRODUCT_NAME = "$(TARGET_NAME)";
				TEST_TARGET_NAME = VBKitExample;
			};
			name = Debug;
		};
		A25A48861DADCC3D007D6B66 /* Release */ = {
			isa = XCBuildConfiguration;
			baseConfigurationReference = 004D410211A2615F89446D17 /* Pods-VBKitExampleUITests.release.xcconfig */;
			buildSettings = {
				INFOPLIST_FILE = VBKitExampleUITests/Info.plist;
				LD_RUNPATH_SEARCH_PATHS = "$(inherited) @executable_path/Frameworks @loader_path/Frameworks";
				PRODUCT_BUNDLE_IDENTIFIER = com.visionbao.VBKitExampleUITests;
				PRODUCT_NAME = "$(TARGET_NAME)";
				TEST_TARGET_NAME = VBKitExample;
			};
			name = Release;
		};
/* End XCBuildConfiguration section */

/* Begin XCConfigurationList section */
		A25A484C1DADCC3D007D6B66 /* Build configuration list for PBXProject "VBKitExample" */ = {
			isa = XCConfigurationList;
			buildConfigurations = (
				A25A487C1DADCC3D007D6B66 /* Debug */,
				A25A487D1DADCC3D007D6B66 /* Release */,
			);
			defaultConfigurationIsVisible = 0;
			defaultConfigurationName = Release;
		};
		A25A487E1DADCC3D007D6B66 /* Build configuration list for PBXNativeTarget "VBKitExample" */ = {
			isa = XCConfigurationList;
			buildConfigurations = (
				A25A487F1DADCC3D007D6B66 /* Debug */,
				A25A48801DADCC3D007D6B66 /* Release */,
			);
			defaultConfigurationIsVisible = 0;
			defaultConfigurationName = Release;
		};
		A25A48811DADCC3D007D6B66 /* Build configuration list for PBXNativeTarget "VBKitExampleTests" */ = {
			isa = XCConfigurationList;
			buildConfigurations = (
				A25A48821DADCC3D007D6B66 /* Debug */,
				A25A48831DADCC3D007D6B66 /* Release */,
			);
			defaultConfigurationIsVisible = 0;
			defaultConfigurationName = Release;
		};
		A25A48841DADCC3D007D6B66 /* Build configuration list for PBXNativeTarget "VBKitExampleUITests" */ = {
			isa = XCConfigurationList;
			buildConfigurations = (
				A25A48851DADCC3D007D6B66 /* Debug */,
				A25A48861DADCC3D007D6B66 /* Release */,
			);
			defaultConfigurationIsVisible = 0;
			defaultConfigurationName = Release;
		};
/* End XCConfigurationList section */
	};
	rootObject = A25A48491DADCC3D007D6B66 /* Project object */;
}
